// !$*UTF8*$!
{
	archiveVersion = 1;
	classes = {
	};
	objectVersion = 52;
	objects = {

/* Begin PBXBuildFile section */
		523A862A2542BE9600ADFE25 /* ModalOverlay.swift in Sources */ = {isa = PBXBuildFile; fileRef = 523A86292542BE9600ADFE25 /* ModalOverlay.swift */; };
		5245F885253FE702002E8B53 /* AppDelegate.swift in Sources */ = {isa = PBXBuildFile; fileRef = 5245F884253FE702002E8B53 /* AppDelegate.swift */; };
		5245F887253FE702002E8B53 /* SceneDelegate.swift in Sources */ = {isa = PBXBuildFile; fileRef = 5245F886253FE702002E8B53 /* SceneDelegate.swift */; };
		5245F889253FE702002E8B53 /* ContentView.swift in Sources */ = {isa = PBXBuildFile; fileRef = 5245F888253FE702002E8B53 /* ContentView.swift */; };
		5245F88C253FE702002E8B53 /* Mestika_Dashboard.xcdatamodeld in Sources */ = {isa = PBXBuildFile; fileRef = 5245F88A253FE702002E8B53 /* Mestika_Dashboard.xcdatamodeld */; };
		5245F88E253FE705002E8B53 /* Assets.xcassets in Resources */ = {isa = PBXBuildFile; fileRef = 5245F88D253FE705002E8B53 /* Assets.xcassets */; };
		5245F891253FE705002E8B53 /* Preview Assets.xcassets in Resources */ = {isa = PBXBuildFile; fileRef = 5245F890253FE705002E8B53 /* Preview Assets.xcassets */; };
		5245F894253FE705002E8B53 /* LaunchScreen.storyboard in Resources */ = {isa = PBXBuildFile; fileRef = 5245F892253FE705002E8B53 /* LaunchScreen.storyboard */; };
		5245F89F253FE706002E8B53 /* Mestika_DashboardTests.swift in Sources */ = {isa = PBXBuildFile; fileRef = 5245F89E253FE706002E8B53 /* Mestika_DashboardTests.swift */; };
		5245F8AA253FE706002E8B53 /* Mestika_DashboardUITests.swift in Sources */ = {isa = PBXBuildFile; fileRef = 5245F8A9253FE706002E8B53 /* Mestika_DashboardUITests.swift */; };
		5245F8BE253FE9FC002E8B53 /* BottomNavigationView.swift in Sources */ = {isa = PBXBuildFile; fileRef = 5245F8BD253FE9FC002E8B53 /* BottomNavigationView.swift */; };
		52468AB825412475007518AE /* Color+Extensions.swift in Sources */ = {isa = PBXBuildFile; fileRef = 52468AB725412475007518AE /* Color+Extensions.swift */; };
		52468ABF254136A4007518AE /* GridMenuView.swift in Sources */ = {isa = PBXBuildFile; fileRef = 52468ABE254136A4007518AE /* GridMenuView.swift */; };
		52468AC72541694F007518AE /* ListRekeningView.swift in Sources */ = {isa = PBXBuildFile; fileRef = 52468AC62541694F007518AE /* ListRekeningView.swift */; };
		52468ACC25416D59007518AE /* ListEwalletView.swift in Sources */ = {isa = PBXBuildFile; fileRef = 52468ACB25416D59007518AE /* ListEwalletView.swift */; };
		52468AD125416FB1007518AE /* ListContactTransferOnUs.swift in Sources */ = {isa = PBXBuildFile; fileRef = 52468AD025416FB1007518AE /* ListContactTransferOnUs.swift */; };
		52468AD72541727B007518AE /* ContactTransferOnUs.swift in Sources */ = {isa = PBXBuildFile; fileRef = 52468AD62541727B007518AE /* ContactTransferOnUs.swift */; };
		52468AE0254177E6007518AE /* Substring+Extensions.swift in Sources */ = {isa = PBXBuildFile; fileRef = 52468ADF254177E6007518AE /* Substring+Extensions.swift */; };
		52468AE8254179CE007518AE /* ListPromoForYouView.swift in Sources */ = {isa = PBXBuildFile; fileRef = 52468AE7254179CE007518AE /* ListPromoForYouView.swift */; };
		52468AED25417B3B007518AE /* ListPurchasePaymentView.swift in Sources */ = {isa = PBXBuildFile; fileRef = 52468AEC25417B3B007518AE /* ListPurchasePaymentView.swift */; };
		52468AF225417B60007518AE /* PurchasePayment.swift in Sources */ = {isa = PBXBuildFile; fileRef = 52468AF125417B60007518AE /* PurchasePayment.swift */; };
		52468AF725418024007518AE /* VoucherView.swift in Sources */ = {isa = PBXBuildFile; fileRef = 52468AF625418024007518AE /* VoucherView.swift */; };
		524745F62547C547001F43C5 /* ListFavoritePurchasePaymentView.swift in Sources */ = {isa = PBXBuildFile; fileRef = 524745F52547C547001F43C5 /* ListFavoritePurchasePaymentView.swift */; };
		524745FF2547C588001F43C5 /* PurchasePaymentFavorite.swift in Sources */ = {isa = PBXBuildFile; fileRef = 524745FE2547C588001F43C5 /* PurchasePaymentFavorite.swift */; };
		524746042547C900001F43C5 /* ListFavoriteTransactionView.swift in Sources */ = {isa = PBXBuildFile; fileRef = 524746032547C900001F43C5 /* ListFavoriteTransactionView.swift */; };
		524746102547CA51001F43C5 /* FavoriteTransferScreen.swift in Sources */ = {isa = PBXBuildFile; fileRef = 5247460F2547CA51001F43C5 /* FavoriteTransferScreen.swift */; };
		524746182547D157001F43C5 /* ListAllFavoriteTransactionView.swift in Sources */ = {isa = PBXBuildFile; fileRef = 524746172547D157001F43C5 /* ListAllFavoriteTransactionView.swift */; };
		524746232547E6BF001F43C5 /* LastFavoriteTransferScreen.swift in Sources */ = {isa = PBXBuildFile; fileRef = 524746222547E6BF001F43C5 /* LastFavoriteTransferScreen.swift */; };
		524746282547F6EC001F43C5 /* LastTransaction.swift in Sources */ = {isa = PBXBuildFile; fileRef = 524746272547F6EC001F43C5 /* LastTransaction.swift */; };
		5247463525480047001F43C5 /* ListLastTransactionView.swift in Sources */ = {isa = PBXBuildFile; fileRef = 5247463425480047001F43C5 /* ListLastTransactionView.swift */; };
		5247463F2548068E001F43C5 /* FavoritePurchasePaymentScreen.swift in Sources */ = {isa = PBXBuildFile; fileRef = 5247463E2548068E001F43C5 /* FavoritePurchasePaymentScreen.swift */; };
		5247464625480754001F43C5 /* ListAllFavoritePurchasePaymentView.swift in Sources */ = {isa = PBXBuildFile; fileRef = 5247464525480754001F43C5 /* ListAllFavoritePurchasePaymentView.swift */; };
		5247465325480BBC001F43C5 /* LastPurchasePayment.swift in Sources */ = {isa = PBXBuildFile; fileRef = 5247465225480BBC001F43C5 /* LastPurchasePayment.swift */; };
		5247465B25480C3A001F43C5 /* ListLastPurchasePaymentView.swift in Sources */ = {isa = PBXBuildFile; fileRef = 5247465A25480C3A001F43C5 /* ListLastPurchasePaymentView.swift */; };
		5247466325481051001F43C5 /* LastFavoritePurchasePaymentScreen.swift in Sources */ = {isa = PBXBuildFile; fileRef = 5247466225481051001F43C5 /* LastFavoritePurchasePaymentScreen.swift */; };
		52474D5E254026BD0094B758 /* DashboardTabs.swift in Sources */ = {isa = PBXBuildFile; fileRef = 52474D5D254026BD0094B758 /* DashboardTabs.swift */; };
		52474D632540276A0094B758 /* TransferTabs.swift in Sources */ = {isa = PBXBuildFile; fileRef = 52474D622540276A0094B758 /* TransferTabs.swift */; };
		52474D68254028350094B758 /* FavoriteTabs.swift in Sources */ = {isa = PBXBuildFile; fileRef = 52474D67254028350094B758 /* FavoriteTabs.swift */; };
		52474D79254028CD0094B758 /* AccountTabs.swift in Sources */ = {isa = PBXBuildFile; fileRef = 52474D78254028CD0094B758 /* AccountTabs.swift */; };
		52474D7E25402D130094B758 /* PaymentTransactionTabs.swift in Sources */ = {isa = PBXBuildFile; fileRef = 52474D7D25402D130094B758 /* PaymentTransactionTabs.swift */; };
		525DB50325466B5C00D48075 /* TransferOnUsConfirmationScreen.swift in Sources */ = {isa = PBXBuildFile; fileRef = 525DB50225466B5C00D48075 /* TransferOnUsConfirmationScreen.swift */; };
		525DB50B2546795400D48075 /* TransferOnUsPinConfirmationScreen.swift in Sources */ = {isa = PBXBuildFile; fileRef = 525DB50A2546795400D48075 /* TransferOnUsPinConfirmationScreen.swift */; };
		525DB51025467BAB00D48075 /* NumPadView.swift in Sources */ = {isa = PBXBuildFile; fileRef = 525DB50F25467BAB00D48075 /* NumPadView.swift */; };
		525DB5152546828100D48075 /* String+Extensions.swift in Sources */ = {isa = PBXBuildFile; fileRef = 525DB5142546828100D48075 /* String+Extensions.swift */; };
		525DB51A2546829700D48075 /* Int+Extensions.swift in Sources */ = {isa = PBXBuildFile; fileRef = 525DB5192546829700D48075 /* Int+Extensions.swift */; };
		525DB51F2546869B00D48075 /* PinView.swift in Sources */ = {isa = PBXBuildFile; fileRef = 525DB51E2546869B00D48075 /* PinView.swift */; };
		525DB5242546A05A00D48075 /* TransferOnUsSuccessInformationScreen.swift in Sources */ = {isa = PBXBuildFile; fileRef = 525DB5232546A05A00D48075 /* TransferOnUsSuccessInformationScreen.swift */; };
		525DB5292546B16A00D48075 /* PopOverFavoriteView.swift in Sources */ = {isa = PBXBuildFile; fileRef = 525DB5282546B16A00D48075 /* PopOverFavoriteView.swift */; };
		525DB52E2546C29700D48075 /* TransferOnUsDetailsInformation.swift in Sources */ = {isa = PBXBuildFile; fileRef = 525DB52D2546C29700D48075 /* TransferOnUsDetailsInformation.swift */; };
		525FA10A25524F29007EADCB /* CustomBottomNavigationView.swift in Sources */ = {isa = PBXBuildFile; fileRef = 525FA10925524F29007EADCB /* CustomBottomNavigationView.swift */; };
		525FA10F25525DA8007EADCB /* OffsetKey.swift in Sources */ = {isa = PBXBuildFile; fileRef = 525FA10E25525DA8007EADCB /* OffsetKey.swift */; };
		525FA115255289B0007EADCB /* GridMenuManyUsedView.swift in Sources */ = {isa = PBXBuildFile; fileRef = 525FA114255289B0007EADCB /* GridMenuManyUsedView.swift */; };
		525FA11D25528D9A007EADCB /* GridMenuAllPaymentPurchaseView.swift in Sources */ = {isa = PBXBuildFile; fileRef = 525FA11C25528D9A007EADCB /* GridMenuAllPaymentPurchaseView.swift */; };
		525FA12A255290BF007EADCB /* ListLastPurchasePaymentTransactionView.swift in Sources */ = {isa = PBXBuildFile; fileRef = 525FA129255290BF007EADCB /* ListLastPurchasePaymentTransactionView.swift */; };
		526B6581254FB72300C13C36 /* HistoryTransaction.swift in Sources */ = {isa = PBXBuildFile; fileRef = 526B6580254FB72300C13C36 /* HistoryTransaction.swift */; };
		526B6589254FB7AA00C13C36 /* ListHistoryTransactionView.swift in Sources */ = {isa = PBXBuildFile; fileRef = 526B6588254FB7AA00C13C36 /* ListHistoryTransactionView.swift */; };
		526B658E254FBADC00C13C36 /* ListMySavingsView.swift in Sources */ = {isa = PBXBuildFile; fileRef = 526B658D254FBADC00C13C36 /* ListMySavingsView.swift */; };
		526B6593254FBAF100C13C36 /* MySavings.swift in Sources */ = {isa = PBXBuildFile; fileRef = 526B6592254FBAF100C13C36 /* MySavings.swift */; };
		526B6598254FBF1400C13C36 /* ListHistoryTransferView.swift in Sources */ = {isa = PBXBuildFile; fileRef = 526B6597254FBF1400C13C36 /* ListHistoryTransferView.swift */; };
		526B659D254FC05300C13C36 /* HistoryTransfer.swift in Sources */ = {isa = PBXBuildFile; fileRef = 526B659C254FC05300C13C36 /* HistoryTransfer.swift */; };
		526B65F8254FF1BC00C13C36 /* PopoverSettingsView.swift in Sources */ = {isa = PBXBuildFile; fileRef = 526B65F7254FF1BC00C13C36 /* PopoverSettingsView.swift */; };
		526B65FD254FF4C300C13C36 /* CornerRadius+Extensions.swift in Sources */ = {isa = PBXBuildFile; fileRef = 526B65FC254FF4C300C13C36 /* CornerRadius+Extensions.swift */; };
		526B6602254FF9FC00C13C36 /* StatementScreen.swift in Sources */ = {isa = PBXBuildFile; fileRef = 526B6601254FF9FC00C13C36 /* StatementScreen.swift */; };
		526B6607254FFA4600C13C36 /* CardManagementScreen.swift in Sources */ = {isa = PBXBuildFile; fileRef = 526B6606254FFA4600C13C36 /* CardManagementScreen.swift */; };
		526B660C254FFA7900C13C36 /* TransactionFeesScreen.swift in Sources */ = {isa = PBXBuildFile; fileRef = 526B660B254FFA7900C13C36 /* TransactionFeesScreen.swift */; };
		526B6611254FFA9B00C13C36 /* LanguageSettingScreen.swift in Sources */ = {isa = PBXBuildFile; fileRef = 526B6610254FFA9B00C13C36 /* LanguageSettingScreen.swift */; };
		526B6616254FFABD00C13C36 /* ChangePasswordOrPinSettingScreen.swift in Sources */ = {isa = PBXBuildFile; fileRef = 526B6615254FFABD00C13C36 /* ChangePasswordOrPinSettingScreen.swift */; };
		526B661B254FFB0500C13C36 /* SettingMenu.swift in Sources */ = {isa = PBXBuildFile; fileRef = 526B661A254FFB0500C13C36 /* SettingMenu.swift */; };
		52702E3E254857A800CC0304 /* GreetScreen.swift in Sources */ = {isa = PBXBuildFile; fileRef = 52702E3D254857A800CC0304 /* GreetScreen.swift */; };
		52C3485825426D6800F08F37 /* SideMenuContent.swift in Sources */ = {isa = PBXBuildFile; fileRef = 52C3485725426D6800F08F37 /* SideMenuContent.swift */; };
		52C3486125426E0D00F08F37 /* SidemenuView.swift in Sources */ = {isa = PBXBuildFile; fileRef = 52C3486025426E0D00F08F37 /* SidemenuView.swift */; };
		52C348692542701500F08F37 /* SidemenuCell.swift in Sources */ = {isa = PBXBuildFile; fileRef = 52C348682542701500F08F37 /* SidemenuCell.swift */; };
		52C348722542878700F08F37 /* ListTransactionFavoriteView.swift in Sources */ = {isa = PBXBuildFile; fileRef = 52C348712542878700F08F37 /* ListTransactionFavoriteView.swift */; };
		52C3487F254287B800F08F37 /* TransactionFavorit.swift in Sources */ = {isa = PBXBuildFile; fileRef = 52C3487E254287B800F08F37 /* TransactionFavorit.swift */; };
		52C34888254288D000F08F37 /* TransferOnUsScreen.swift in Sources */ = {isa = PBXBuildFile; fileRef = 52C34887254288D000F08F37 /* TransferOnUsScreen.swift */; };
		52C3489125428CB000F08F37 /* NavigationConfigurator.swift in Sources */ = {isa = PBXBuildFile; fileRef = 52C3489025428CB000F08F37 /* NavigationConfigurator.swift */; };
		52C3489A2542ACC500F08F37 /* ListBankAccountView.swift in Sources */ = {isa = PBXBuildFile; fileRef = 52C348992542ACC500F08F37 /* ListBankAccountView.swift */; };
		52C348A22542ACF400F08F37 /* BankAccount.swift in Sources */ = {isa = PBXBuildFile; fileRef = 52C348A12542ACF400F08F37 /* BankAccount.swift */; };
		52DA207F255105FF00CC048A /* PopupView in Frameworks */ = {isa = PBXBuildFile; productRef = 523A86232542B67900ADFE25 /* PopupView */; };
		52DA2080255105FF00CC048A /* BottomSheet in Frameworks */ = {isa = PBXBuildFile; productRef = 523A86322542CC6E00ADFE25 /* BottomSheet */; };
		52DA20852551069C00CC048A /* Statement.swift in Sources */ = {isa = PBXBuildFile; fileRef = 52DA20842551069C00CC048A /* Statement.swift */; };
		52DA208C25510CB100CC048A /* FormInputOldPasswordScreen.swift in Sources */ = {isa = PBXBuildFile; fileRef = 52DA208B25510CB100CC048A /* FormInputOldPasswordScreen.swift */; };
		52DA20942551115700CC048A /* FormInputNewPasswordScreen.swift in Sources */ = {isa = PBXBuildFile; fileRef = 52DA20932551115700CC048A /* FormInputNewPasswordScreen.swift */; };
		52DA20992551156500CC048A /* FormInputOldPinScreen.swift in Sources */ = {isa = PBXBuildFile; fileRef = 52DA20982551156400CC048A /* FormInputOldPinScreen.swift */; };
		52DA209E25511A9F00CC048A /* FormInputNewPinScreen.swift in Sources */ = {isa = PBXBuildFile; fileRef = 52DA209D25511A9F00CC048A /* FormInputNewPinScreen.swift */; };
		52DA20A325511F8600CC048A /* FormInputResetPinScreen.swift in Sources */ = {isa = PBXBuildFile; fileRef = 52DA20A225511F8600CC048A /* FormInputResetPinScreen.swift */; };
		52DA20AB2551218C00CC048A /* OtpResetPinScreen.swift in Sources */ = {isa = PBXBuildFile; fileRef = 52DA20AA2551218C00CC048A /* OtpResetPinScreen.swift */; };
		52DA20B3255134B300CC048A /* FormInputResetNewPinScreen.swift in Sources */ = {isa = PBXBuildFile; fileRef = 52DA20B2255134B300CC048A /* FormInputResetNewPinScreen.swift */; };
		6122BA757969EBD48882E437 /* ListStatementView.swift in Sources */ = {isa = PBXBuildFile; fileRef = 6122BCB85E2BD6C30BF0566A /* ListStatementView.swift */; };
		C092ABF02553B3CF0051CE3E /* MyCard.swift in Sources */ = {isa = PBXBuildFile; fileRef = C092ABEF2553B3CF0051CE3E /* MyCard.swift */; };
		C092ABF92553B4BF0051CE3E /* Data.swift in Sources */ = {isa = PBXBuildFile; fileRef = C092ABF82553B4BF0051CE3E /* Data.swift */; };
		C092ABFF2553B5850051CE3E /* myCardData.json in Resources */ = {isa = PBXBuildFile; fileRef = C092ABFE2553B5850051CE3E /* myCardData.json */; };
		C0A4F9882552896200566A11 /* DetailKartuTidakAktifView.swift in Sources */ = {isa = PBXBuildFile; fileRef = C0A4F9872552896200566A11 /* DetailKartuTidakAktifView.swift */; };
		C0A4F99625528C0700566A11 /* Montserrat-SemiBold.ttf in Resources */ = {isa = PBXBuildFile; fileRef = C0A4F98D25528C0600566A11 /* Montserrat-SemiBold.ttf */; };
		C0A4F99725528C0700566A11 /* Montserrat-Thin.ttf in Resources */ = {isa = PBXBuildFile; fileRef = C0A4F98E25528C0600566A11 /* Montserrat-Thin.ttf */; };
		C0A4F99825528C0700566A11 /* Montserrat-Bold.ttf in Resources */ = {isa = PBXBuildFile; fileRef = C0A4F98F25528C0600566A11 /* Montserrat-Bold.ttf */; };
		C0A4F99925528C0700566A11 /* Montserrat-Light.ttf in Resources */ = {isa = PBXBuildFile; fileRef = C0A4F99025528C0600566A11 /* Montserrat-Light.ttf */; };
		C0A4F99A25528C0700566A11 /* Montserrat-Regular.ttf in Resources */ = {isa = PBXBuildFile; fileRef = C0A4F99125528C0700566A11 /* Montserrat-Regular.ttf */; };
		C0A4F99B25528C0700566A11 /* Montserrat-ExtraBold.ttf in Resources */ = {isa = PBXBuildFile; fileRef = C0A4F99225528C0700566A11 /* Montserrat-ExtraBold.ttf */; };
		C0A4F99C25528C0700566A11 /* Montserrat-Medium.ttf in Resources */ = {isa = PBXBuildFile; fileRef = C0A4F99325528C0700566A11 /* Montserrat-Medium.ttf */; };
		C0A4F99D25528C0700566A11 /* Montserrat-Black.ttf in Resources */ = {isa = PBXBuildFile; fileRef = C0A4F99425528C0700566A11 /* Montserrat-Black.ttf */; };
		C0A4F99E25528C0700566A11 /* Montserrat-ExtraLight.ttf in Resources */ = {isa = PBXBuildFile; fileRef = C0A4F99525528C0700566A11 /* Montserrat-ExtraLight.ttf */; };
		C0A4F9AC25529A9700566A11 /* ArrowDownShape.swift in Sources */ = {isa = PBXBuildFile; fileRef = C0A4F9AB25529A9700566A11 /* ArrowDownShape.swift */; };
		C0A4F9B425529EF800566A11 /* DetailKartuAktifView.swift in Sources */ = {isa = PBXBuildFile; fileRef = C0A4F9B325529EF800566A11 /* DetailKartuAktifView.swift */; };
		C0D7B5CF2552ACEB009C3976 /* ActivationCardView.swift in Sources */ = {isa = PBXBuildFile; fileRef = C0D7B5CE2552ACEB009C3976 /* ActivationCardView.swift */; };
		C0D7B5DB2552AF43009C3976 /* VerificationOTPCardView.swift in Sources */ = {isa = PBXBuildFile; fileRef = C0D7B5DA2552AF43009C3976 /* VerificationOTPCardView.swift */; };
		C0D7B5E32552B1B7009C3976 /* VerificationCVVCardView.swift in Sources */ = {isa = PBXBuildFile; fileRef = C0D7B5E22552B1B7009C3976 /* VerificationCVVCardView.swift */; };
		C0EB90D32553D7E2004DBCF5 /* CardView.swift in Sources */ = {isa = PBXBuildFile; fileRef = C0EB90D22553D7E2004DBCF5 /* CardView.swift */; };
/* End PBXBuildFile section */

/* Begin PBXContainerItemProxy section */
		5245F89B253FE706002E8B53 /* PBXContainerItemProxy */ = {
			isa = PBXContainerItemProxy;
			containerPortal = 5245F879253FE702002E8B53 /* Project object */;
			proxyType = 1;
			remoteGlobalIDString = 5245F880253FE702002E8B53;
			remoteInfo = "Mestika Dashboard";
		};
		5245F8A6253FE706002E8B53 /* PBXContainerItemProxy */ = {
			isa = PBXContainerItemProxy;
			containerPortal = 5245F879253FE702002E8B53 /* Project object */;
			proxyType = 1;
			remoteGlobalIDString = 5245F880253FE702002E8B53;
			remoteInfo = "Mestika Dashboard";
		};
/* End PBXContainerItemProxy section */

/* Begin PBXFileReference section */
		523A86292542BE9600ADFE25 /* ModalOverlay.swift */ = {isa = PBXFileReference; lastKnownFileType = sourcecode.swift; path = ModalOverlay.swift; sourceTree = "<group>"; };
		5245F881253FE702002E8B53 /* Mestika Dashboard.app */ = {isa = PBXFileReference; explicitFileType = wrapper.application; includeInIndex = 0; path = "Mestika Dashboard.app"; sourceTree = BUILT_PRODUCTS_DIR; };
		5245F884253FE702002E8B53 /* AppDelegate.swift */ = {isa = PBXFileReference; lastKnownFileType = sourcecode.swift; path = AppDelegate.swift; sourceTree = "<group>"; };
		5245F886253FE702002E8B53 /* SceneDelegate.swift */ = {isa = PBXFileReference; lastKnownFileType = sourcecode.swift; path = SceneDelegate.swift; sourceTree = "<group>"; };
		5245F888253FE702002E8B53 /* ContentView.swift */ = {isa = PBXFileReference; lastKnownFileType = sourcecode.swift; path = ContentView.swift; sourceTree = "<group>"; };
		5245F88B253FE702002E8B53 /* Mestika_Dashboard.xcdatamodel */ = {isa = PBXFileReference; lastKnownFileType = wrapper.xcdatamodel; path = Mestika_Dashboard.xcdatamodel; sourceTree = "<group>"; };
		5245F88D253FE705002E8B53 /* Assets.xcassets */ = {isa = PBXFileReference; lastKnownFileType = folder.assetcatalog; path = Assets.xcassets; sourceTree = "<group>"; };
		5245F890253FE705002E8B53 /* Preview Assets.xcassets */ = {isa = PBXFileReference; lastKnownFileType = folder.assetcatalog; path = "Preview Assets.xcassets"; sourceTree = "<group>"; };
		5245F893253FE705002E8B53 /* Base */ = {isa = PBXFileReference; lastKnownFileType = file.storyboard; name = Base; path = Base.lproj/LaunchScreen.storyboard; sourceTree = "<group>"; };
		5245F895253FE705002E8B53 /* Info.plist */ = {isa = PBXFileReference; lastKnownFileType = text.plist.xml; path = Info.plist; sourceTree = "<group>"; };
		5245F89A253FE706002E8B53 /* Mestika DashboardTests.xctest */ = {isa = PBXFileReference; explicitFileType = wrapper.cfbundle; includeInIndex = 0; path = "Mestika DashboardTests.xctest"; sourceTree = BUILT_PRODUCTS_DIR; };
		5245F89E253FE706002E8B53 /* Mestika_DashboardTests.swift */ = {isa = PBXFileReference; lastKnownFileType = sourcecode.swift; path = Mestika_DashboardTests.swift; sourceTree = "<group>"; };
		5245F8A0253FE706002E8B53 /* Info.plist */ = {isa = PBXFileReference; lastKnownFileType = text.plist.xml; path = Info.plist; sourceTree = "<group>"; };
		5245F8A5253FE706002E8B53 /* Mestika DashboardUITests.xctest */ = {isa = PBXFileReference; explicitFileType = wrapper.cfbundle; includeInIndex = 0; path = "Mestika DashboardUITests.xctest"; sourceTree = BUILT_PRODUCTS_DIR; };
		5245F8A9253FE706002E8B53 /* Mestika_DashboardUITests.swift */ = {isa = PBXFileReference; lastKnownFileType = sourcecode.swift; path = Mestika_DashboardUITests.swift; sourceTree = "<group>"; };
		5245F8AB253FE706002E8B53 /* Info.plist */ = {isa = PBXFileReference; lastKnownFileType = text.plist.xml; path = Info.plist; sourceTree = "<group>"; };
		5245F8BD253FE9FC002E8B53 /* BottomNavigationView.swift */ = {isa = PBXFileReference; lastKnownFileType = sourcecode.swift; path = BottomNavigationView.swift; sourceTree = "<group>"; };
		52468AB725412475007518AE /* Color+Extensions.swift */ = {isa = PBXFileReference; lastKnownFileType = sourcecode.swift; path = "Color+Extensions.swift"; sourceTree = "<group>"; };
		52468ABE254136A4007518AE /* GridMenuView.swift */ = {isa = PBXFileReference; lastKnownFileType = sourcecode.swift; path = GridMenuView.swift; sourceTree = "<group>"; };
		52468AC62541694F007518AE /* ListRekeningView.swift */ = {isa = PBXFileReference; lastKnownFileType = sourcecode.swift; path = ListRekeningView.swift; sourceTree = "<group>"; };
		52468ACB25416D59007518AE /* ListEwalletView.swift */ = {isa = PBXFileReference; lastKnownFileType = sourcecode.swift; path = ListEwalletView.swift; sourceTree = "<group>"; };
		52468AD025416FB1007518AE /* ListContactTransferOnUs.swift */ = {isa = PBXFileReference; lastKnownFileType = sourcecode.swift; path = ListContactTransferOnUs.swift; sourceTree = "<group>"; };
		52468AD62541727B007518AE /* ContactTransferOnUs.swift */ = {isa = PBXFileReference; lastKnownFileType = sourcecode.swift; path = ContactTransferOnUs.swift; sourceTree = "<group>"; };
		52468ADF254177E6007518AE /* Substring+Extensions.swift */ = {isa = PBXFileReference; lastKnownFileType = sourcecode.swift; path = "Substring+Extensions.swift"; sourceTree = "<group>"; };
		52468AE7254179CE007518AE /* ListPromoForYouView.swift */ = {isa = PBXFileReference; lastKnownFileType = sourcecode.swift; path = ListPromoForYouView.swift; sourceTree = "<group>"; };
		52468AEC25417B3B007518AE /* ListPurchasePaymentView.swift */ = {isa = PBXFileReference; lastKnownFileType = sourcecode.swift; path = ListPurchasePaymentView.swift; sourceTree = "<group>"; };
		52468AF125417B60007518AE /* PurchasePayment.swift */ = {isa = PBXFileReference; lastKnownFileType = sourcecode.swift; path = PurchasePayment.swift; sourceTree = "<group>"; };
		52468AF625418024007518AE /* VoucherView.swift */ = {isa = PBXFileReference; lastKnownFileType = sourcecode.swift; path = VoucherView.swift; sourceTree = "<group>"; };
		524745F52547C547001F43C5 /* ListFavoritePurchasePaymentView.swift */ = {isa = PBXFileReference; lastKnownFileType = sourcecode.swift; path = ListFavoritePurchasePaymentView.swift; sourceTree = "<group>"; };
		524745FE2547C588001F43C5 /* PurchasePaymentFavorite.swift */ = {isa = PBXFileReference; lastKnownFileType = sourcecode.swift; path = PurchasePaymentFavorite.swift; sourceTree = "<group>"; };
		524746032547C900001F43C5 /* ListFavoriteTransactionView.swift */ = {isa = PBXFileReference; lastKnownFileType = sourcecode.swift; path = ListFavoriteTransactionView.swift; sourceTree = "<group>"; };
		5247460F2547CA51001F43C5 /* FavoriteTransferScreen.swift */ = {isa = PBXFileReference; lastKnownFileType = sourcecode.swift; path = FavoriteTransferScreen.swift; sourceTree = "<group>"; };
		524746172547D157001F43C5 /* ListAllFavoriteTransactionView.swift */ = {isa = PBXFileReference; lastKnownFileType = sourcecode.swift; path = ListAllFavoriteTransactionView.swift; sourceTree = "<group>"; };
		524746222547E6BF001F43C5 /* LastFavoriteTransferScreen.swift */ = {isa = PBXFileReference; lastKnownFileType = sourcecode.swift; path = LastFavoriteTransferScreen.swift; sourceTree = "<group>"; };
		524746272547F6EC001F43C5 /* LastTransaction.swift */ = {isa = PBXFileReference; lastKnownFileType = sourcecode.swift; path = LastTransaction.swift; sourceTree = "<group>"; };
		5247463425480047001F43C5 /* ListLastTransactionView.swift */ = {isa = PBXFileReference; lastKnownFileType = sourcecode.swift; path = ListLastTransactionView.swift; sourceTree = "<group>"; };
		5247463E2548068E001F43C5 /* FavoritePurchasePaymentScreen.swift */ = {isa = PBXFileReference; lastKnownFileType = sourcecode.swift; path = FavoritePurchasePaymentScreen.swift; sourceTree = "<group>"; };
		5247464525480754001F43C5 /* ListAllFavoritePurchasePaymentView.swift */ = {isa = PBXFileReference; lastKnownFileType = sourcecode.swift; path = ListAllFavoritePurchasePaymentView.swift; sourceTree = "<group>"; };
		5247465225480BBC001F43C5 /* LastPurchasePayment.swift */ = {isa = PBXFileReference; lastKnownFileType = sourcecode.swift; path = LastPurchasePayment.swift; sourceTree = "<group>"; };
		5247465A25480C3A001F43C5 /* ListLastPurchasePaymentView.swift */ = {isa = PBXFileReference; lastKnownFileType = sourcecode.swift; path = ListLastPurchasePaymentView.swift; sourceTree = "<group>"; };
		5247466225481051001F43C5 /* LastFavoritePurchasePaymentScreen.swift */ = {isa = PBXFileReference; lastKnownFileType = sourcecode.swift; path = LastFavoritePurchasePaymentScreen.swift; sourceTree = "<group>"; };
		52474D5D254026BD0094B758 /* DashboardTabs.swift */ = {isa = PBXFileReference; lastKnownFileType = sourcecode.swift; path = DashboardTabs.swift; sourceTree = "<group>"; };
		52474D622540276A0094B758 /* TransferTabs.swift */ = {isa = PBXFileReference; lastKnownFileType = sourcecode.swift; path = TransferTabs.swift; sourceTree = "<group>"; };
		52474D67254028350094B758 /* FavoriteTabs.swift */ = {isa = PBXFileReference; lastKnownFileType = sourcecode.swift; path = FavoriteTabs.swift; sourceTree = "<group>"; };
		52474D78254028CD0094B758 /* AccountTabs.swift */ = {isa = PBXFileReference; lastKnownFileType = sourcecode.swift; path = AccountTabs.swift; sourceTree = "<group>"; };
		52474D7D25402D130094B758 /* PaymentTransactionTabs.swift */ = {isa = PBXFileReference; lastKnownFileType = sourcecode.swift; path = PaymentTransactionTabs.swift; sourceTree = "<group>"; };
		525DB50225466B5C00D48075 /* TransferOnUsConfirmationScreen.swift */ = {isa = PBXFileReference; lastKnownFileType = sourcecode.swift; path = TransferOnUsConfirmationScreen.swift; sourceTree = "<group>"; };
		525DB50A2546795400D48075 /* TransferOnUsPinConfirmationScreen.swift */ = {isa = PBXFileReference; lastKnownFileType = sourcecode.swift; path = TransferOnUsPinConfirmationScreen.swift; sourceTree = "<group>"; };
		525DB50F25467BAB00D48075 /* NumPadView.swift */ = {isa = PBXFileReference; lastKnownFileType = sourcecode.swift; path = NumPadView.swift; sourceTree = "<group>"; };
		525DB5142546828100D48075 /* String+Extensions.swift */ = {isa = PBXFileReference; lastKnownFileType = sourcecode.swift; path = "String+Extensions.swift"; sourceTree = "<group>"; };
		525DB5192546829700D48075 /* Int+Extensions.swift */ = {isa = PBXFileReference; lastKnownFileType = sourcecode.swift; path = "Int+Extensions.swift"; sourceTree = "<group>"; };
		525DB51E2546869B00D48075 /* PinView.swift */ = {isa = PBXFileReference; lastKnownFileType = sourcecode.swift; path = PinView.swift; sourceTree = "<group>"; };
		525DB5232546A05A00D48075 /* TransferOnUsSuccessInformationScreen.swift */ = {isa = PBXFileReference; lastKnownFileType = sourcecode.swift; path = TransferOnUsSuccessInformationScreen.swift; sourceTree = "<group>"; };
		525DB5282546B16A00D48075 /* PopOverFavoriteView.swift */ = {isa = PBXFileReference; lastKnownFileType = sourcecode.swift; path = PopOverFavoriteView.swift; sourceTree = "<group>"; };
		525DB52D2546C29700D48075 /* TransferOnUsDetailsInformation.swift */ = {isa = PBXFileReference; lastKnownFileType = sourcecode.swift; path = TransferOnUsDetailsInformation.swift; sourceTree = "<group>"; };
		525FA10925524F29007EADCB /* CustomBottomNavigationView.swift */ = {isa = PBXFileReference; lastKnownFileType = sourcecode.swift; path = CustomBottomNavigationView.swift; sourceTree = "<group>"; };
		525FA10E25525DA8007EADCB /* OffsetKey.swift */ = {isa = PBXFileReference; lastKnownFileType = sourcecode.swift; path = OffsetKey.swift; sourceTree = "<group>"; };
		525FA114255289B0007EADCB /* GridMenuManyUsedView.swift */ = {isa = PBXFileReference; lastKnownFileType = sourcecode.swift; path = GridMenuManyUsedView.swift; sourceTree = "<group>"; };
		525FA11C25528D9A007EADCB /* GridMenuAllPaymentPurchaseView.swift */ = {isa = PBXFileReference; lastKnownFileType = sourcecode.swift; path = GridMenuAllPaymentPurchaseView.swift; sourceTree = "<group>"; };
		525FA129255290BF007EADCB /* ListLastPurchasePaymentTransactionView.swift */ = {isa = PBXFileReference; lastKnownFileType = sourcecode.swift; path = ListLastPurchasePaymentTransactionView.swift; sourceTree = "<group>"; };
		526B6580254FB72300C13C36 /* HistoryTransaction.swift */ = {isa = PBXFileReference; lastKnownFileType = sourcecode.swift; path = HistoryTransaction.swift; sourceTree = "<group>"; };
		526B6588254FB7AA00C13C36 /* ListHistoryTransactionView.swift */ = {isa = PBXFileReference; lastKnownFileType = sourcecode.swift; path = ListHistoryTransactionView.swift; sourceTree = "<group>"; };
		526B658D254FBADC00C13C36 /* ListMySavingsView.swift */ = {isa = PBXFileReference; lastKnownFileType = sourcecode.swift; path = ListMySavingsView.swift; sourceTree = "<group>"; };
		526B6592254FBAF100C13C36 /* MySavings.swift */ = {isa = PBXFileReference; lastKnownFileType = sourcecode.swift; path = MySavings.swift; sourceTree = "<group>"; };
		526B6597254FBF1400C13C36 /* ListHistoryTransferView.swift */ = {isa = PBXFileReference; lastKnownFileType = sourcecode.swift; path = ListHistoryTransferView.swift; sourceTree = "<group>"; };
		526B659C254FC05300C13C36 /* HistoryTransfer.swift */ = {isa = PBXFileReference; lastKnownFileType = sourcecode.swift; path = HistoryTransfer.swift; sourceTree = "<group>"; };
		526B65F7254FF1BC00C13C36 /* PopoverSettingsView.swift */ = {isa = PBXFileReference; lastKnownFileType = sourcecode.swift; path = PopoverSettingsView.swift; sourceTree = "<group>"; };
		526B65FC254FF4C300C13C36 /* CornerRadius+Extensions.swift */ = {isa = PBXFileReference; lastKnownFileType = sourcecode.swift; path = "CornerRadius+Extensions.swift"; sourceTree = "<group>"; };
		526B6601254FF9FC00C13C36 /* StatementScreen.swift */ = {isa = PBXFileReference; lastKnownFileType = sourcecode.swift; path = StatementScreen.swift; sourceTree = "<group>"; };
		526B6606254FFA4600C13C36 /* CardManagementScreen.swift */ = {isa = PBXFileReference; lastKnownFileType = sourcecode.swift; path = CardManagementScreen.swift; sourceTree = "<group>"; };
		526B660B254FFA7900C13C36 /* TransactionFeesScreen.swift */ = {isa = PBXFileReference; lastKnownFileType = sourcecode.swift; path = TransactionFeesScreen.swift; sourceTree = "<group>"; };
		526B6610254FFA9B00C13C36 /* LanguageSettingScreen.swift */ = {isa = PBXFileReference; lastKnownFileType = sourcecode.swift; path = LanguageSettingScreen.swift; sourceTree = "<group>"; };
		526B6615254FFABD00C13C36 /* ChangePasswordOrPinSettingScreen.swift */ = {isa = PBXFileReference; lastKnownFileType = sourcecode.swift; path = ChangePasswordOrPinSettingScreen.swift; sourceTree = "<group>"; };
		526B661A254FFB0500C13C36 /* SettingMenu.swift */ = {isa = PBXFileReference; lastKnownFileType = sourcecode.swift; path = SettingMenu.swift; sourceTree = "<group>"; };
		52702E3D254857A800CC0304 /* GreetScreen.swift */ = {isa = PBXFileReference; lastKnownFileType = sourcecode.swift; path = GreetScreen.swift; sourceTree = "<group>"; };
		52C3485725426D6800F08F37 /* SideMenuContent.swift */ = {isa = PBXFileReference; lastKnownFileType = sourcecode.swift; path = SideMenuContent.swift; sourceTree = "<group>"; };
		52C3486025426E0D00F08F37 /* SidemenuView.swift */ = {isa = PBXFileReference; lastKnownFileType = sourcecode.swift; path = SidemenuView.swift; sourceTree = "<group>"; };
		52C348682542701500F08F37 /* SidemenuCell.swift */ = {isa = PBXFileReference; lastKnownFileType = sourcecode.swift; path = SidemenuCell.swift; sourceTree = "<group>"; };
		52C348712542878700F08F37 /* ListTransactionFavoriteView.swift */ = {isa = PBXFileReference; lastKnownFileType = sourcecode.swift; path = ListTransactionFavoriteView.swift; sourceTree = "<group>"; };
		52C3487E254287B800F08F37 /* TransactionFavorit.swift */ = {isa = PBXFileReference; lastKnownFileType = sourcecode.swift; path = TransactionFavorit.swift; sourceTree = "<group>"; };
		52C34887254288D000F08F37 /* TransferOnUsScreen.swift */ = {isa = PBXFileReference; lastKnownFileType = sourcecode.swift; path = TransferOnUsScreen.swift; sourceTree = "<group>"; };
		52C3489025428CB000F08F37 /* NavigationConfigurator.swift */ = {isa = PBXFileReference; lastKnownFileType = sourcecode.swift; path = NavigationConfigurator.swift; sourceTree = "<group>"; };
		52C348992542ACC500F08F37 /* ListBankAccountView.swift */ = {isa = PBXFileReference; lastKnownFileType = sourcecode.swift; path = ListBankAccountView.swift; sourceTree = "<group>"; };
		52C348A12542ACF400F08F37 /* BankAccount.swift */ = {isa = PBXFileReference; lastKnownFileType = sourcecode.swift; path = BankAccount.swift; sourceTree = "<group>"; };
		52DA20842551069C00CC048A /* Statement.swift */ = {isa = PBXFileReference; lastKnownFileType = sourcecode.swift; path = Statement.swift; sourceTree = "<group>"; };
		52DA208B25510CB100CC048A /* FormInputOldPasswordScreen.swift */ = {isa = PBXFileReference; lastKnownFileType = sourcecode.swift; path = FormInputOldPasswordScreen.swift; sourceTree = "<group>"; };
		52DA20932551115700CC048A /* FormInputNewPasswordScreen.swift */ = {isa = PBXFileReference; lastKnownFileType = sourcecode.swift; path = FormInputNewPasswordScreen.swift; sourceTree = "<group>"; };
		52DA20982551156400CC048A /* FormInputOldPinScreen.swift */ = {isa = PBXFileReference; lastKnownFileType = sourcecode.swift; path = FormInputOldPinScreen.swift; sourceTree = "<group>"; };
		52DA209D25511A9F00CC048A /* FormInputNewPinScreen.swift */ = {isa = PBXFileReference; lastKnownFileType = sourcecode.swift; path = FormInputNewPinScreen.swift; sourceTree = "<group>"; };
		52DA20A225511F8600CC048A /* FormInputResetPinScreen.swift */ = {isa = PBXFileReference; lastKnownFileType = sourcecode.swift; path = FormInputResetPinScreen.swift; sourceTree = "<group>"; };
		52DA20AA2551218C00CC048A /* OtpResetPinScreen.swift */ = {isa = PBXFileReference; lastKnownFileType = sourcecode.swift; path = OtpResetPinScreen.swift; sourceTree = "<group>"; };
		52DA20B2255134B300CC048A /* FormInputResetNewPinScreen.swift */ = {isa = PBXFileReference; lastKnownFileType = sourcecode.swift; path = FormInputResetNewPinScreen.swift; sourceTree = "<group>"; };
		6122BCB85E2BD6C30BF0566A /* ListStatementView.swift */ = {isa = PBXFileReference; fileEncoding = 4; lastKnownFileType = sourcecode.swift; path = ListStatementView.swift; sourceTree = "<group>"; };
		C092ABEF2553B3CF0051CE3E /* MyCard.swift */ = {isa = PBXFileReference; lastKnownFileType = sourcecode.swift; path = MyCard.swift; sourceTree = "<group>"; };
		C092ABF82553B4BF0051CE3E /* Data.swift */ = {isa = PBXFileReference; lastKnownFileType = sourcecode.swift; path = Data.swift; sourceTree = "<group>"; };
		C092ABFE2553B5850051CE3E /* myCardData.json */ = {isa = PBXFileReference; lastKnownFileType = text.json; path = myCardData.json; sourceTree = "<group>"; xcLanguageSpecificationIdentifier = xcode.lang.json; };
		C0A4F9872552896200566A11 /* DetailKartuTidakAktifView.swift */ = {isa = PBXFileReference; lastKnownFileType = sourcecode.swift; path = DetailKartuTidakAktifView.swift; sourceTree = "<group>"; };
		C0A4F98D25528C0600566A11 /* Montserrat-SemiBold.ttf */ = {isa = PBXFileReference; lastKnownFileType = file; path = "Montserrat-SemiBold.ttf"; sourceTree = "<group>"; };
		C0A4F98E25528C0600566A11 /* Montserrat-Thin.ttf */ = {isa = PBXFileReference; lastKnownFileType = file; path = "Montserrat-Thin.ttf"; sourceTree = "<group>"; };
		C0A4F98F25528C0600566A11 /* Montserrat-Bold.ttf */ = {isa = PBXFileReference; lastKnownFileType = file; path = "Montserrat-Bold.ttf"; sourceTree = "<group>"; };
		C0A4F99025528C0600566A11 /* Montserrat-Light.ttf */ = {isa = PBXFileReference; lastKnownFileType = file; path = "Montserrat-Light.ttf"; sourceTree = "<group>"; };
		C0A4F99125528C0700566A11 /* Montserrat-Regular.ttf */ = {isa = PBXFileReference; lastKnownFileType = file; path = "Montserrat-Regular.ttf"; sourceTree = "<group>"; };
		C0A4F99225528C0700566A11 /* Montserrat-ExtraBold.ttf */ = {isa = PBXFileReference; lastKnownFileType = file; path = "Montserrat-ExtraBold.ttf"; sourceTree = "<group>"; };
		C0A4F99325528C0700566A11 /* Montserrat-Medium.ttf */ = {isa = PBXFileReference; lastKnownFileType = file; path = "Montserrat-Medium.ttf"; sourceTree = "<group>"; };
		C0A4F99425528C0700566A11 /* Montserrat-Black.ttf */ = {isa = PBXFileReference; lastKnownFileType = file; path = "Montserrat-Black.ttf"; sourceTree = "<group>"; };
		C0A4F99525528C0700566A11 /* Montserrat-ExtraLight.ttf */ = {isa = PBXFileReference; lastKnownFileType = file; path = "Montserrat-ExtraLight.ttf"; sourceTree = "<group>"; };
		C0A4F9AB25529A9700566A11 /* ArrowDownShape.swift */ = {isa = PBXFileReference; lastKnownFileType = sourcecode.swift; path = ArrowDownShape.swift; sourceTree = "<group>"; };
		C0A4F9B325529EF800566A11 /* DetailKartuAktifView.swift */ = {isa = PBXFileReference; lastKnownFileType = sourcecode.swift; path = DetailKartuAktifView.swift; sourceTree = "<group>"; };
		C0D7B5CE2552ACEB009C3976 /* ActivationCardView.swift */ = {isa = PBXFileReference; lastKnownFileType = sourcecode.swift; path = ActivationCardView.swift; sourceTree = "<group>"; };
		C0D7B5DA2552AF43009C3976 /* VerificationOTPCardView.swift */ = {isa = PBXFileReference; lastKnownFileType = sourcecode.swift; path = VerificationOTPCardView.swift; sourceTree = "<group>"; };
		C0D7B5E22552B1B7009C3976 /* VerificationCVVCardView.swift */ = {isa = PBXFileReference; lastKnownFileType = sourcecode.swift; path = VerificationCVVCardView.swift; sourceTree = "<group>"; };
		C0EB90D22553D7E2004DBCF5 /* CardView.swift */ = {isa = PBXFileReference; lastKnownFileType = sourcecode.swift; path = CardView.swift; sourceTree = "<group>"; };
/* End PBXFileReference section */

/* Begin PBXFrameworksBuildPhase section */
		5245F87E253FE702002E8B53 /* Frameworks */ = {
			isa = PBXFrameworksBuildPhase;
			buildActionMask = 2147483647;
			files = (
				52DA207F255105FF00CC048A /* PopupView in Frameworks */,
				52DA2080255105FF00CC048A /* BottomSheet in Frameworks */,
			);
			runOnlyForDeploymentPostprocessing = 0;
		};
		5245F897253FE706002E8B53 /* Frameworks */ = {
			isa = PBXFrameworksBuildPhase;
			buildActionMask = 2147483647;
			files = (
			);
			runOnlyForDeploymentPostprocessing = 0;
		};
		5245F8A2253FE706002E8B53 /* Frameworks */ = {
			isa = PBXFrameworksBuildPhase;
			buildActionMask = 2147483647;
			files = (
			);
			runOnlyForDeploymentPostprocessing = 0;
		};
/* End PBXFrameworksBuildPhase section */

/* Begin PBXGroup section */
		523A86282542BE8600ADFE25 /* Components */ = {
			isa = PBXGroup;
			children = (
				523A86292542BE9600ADFE25 /* ModalOverlay.swift */,
				525DB50F25467BAB00D48075 /* NumPadView.swift */,
				525DB51E2546869B00D48075 /* PinView.swift */,
				C0A4F9AB25529A9700566A11 /* ArrowDownShape.swift */,
				525FA10E25525DA8007EADCB /* OffsetKey.swift */,
				C0EB90D22553D7E2004DBCF5 /* CardView.swift */,
			);
			path = Components;
			sourceTree = "<group>";
		};
		5245F878253FE702002E8B53 = {
			isa = PBXGroup;
			children = (
				5245F883253FE702002E8B53 /* Mestika Dashboard */,
				5245F89D253FE706002E8B53 /* Mestika DashboardTests */,
				5245F8A8253FE706002E8B53 /* Mestika DashboardUITests */,
				5245F882253FE702002E8B53 /* Products */,
			);
			sourceTree = "<group>";
		};
		5245F882253FE702002E8B53 /* Products */ = {
			isa = PBXGroup;
			children = (
				5245F881253FE702002E8B53 /* Mestika Dashboard.app */,
				5245F89A253FE706002E8B53 /* Mestika DashboardTests.xctest */,
				5245F8A5253FE706002E8B53 /* Mestika DashboardUITests.xctest */,
			);
			name = Products;
			sourceTree = "<group>";
		};
		5245F883253FE702002E8B53 /* Mestika Dashboard */ = {
			isa = PBXGroup;
			children = (
				52474D822540320D0094B758 /* Extensions */,
				5245F888253FE702002E8B53 /* ContentView.swift */,
				5245F8BA253FE818002E8B53 /* UI */,
				5245F884253FE702002E8B53 /* AppDelegate.swift */,
				5245F886253FE702002E8B53 /* SceneDelegate.swift */,
				5245F88D253FE705002E8B53 /* Assets.xcassets */,
				5245F892253FE705002E8B53 /* LaunchScreen.storyboard */,
				5245F895253FE705002E8B53 /* Info.plist */,
				5245F88A253FE702002E8B53 /* Mestika_Dashboard.xcdatamodeld */,
				5245F88F253FE705002E8B53 /* Preview Content */,
			);
			path = "Mestika Dashboard";
			sourceTree = "<group>";
		};
		5245F88F253FE705002E8B53 /* Preview Content */ = {
			isa = PBXGroup;
			children = (
				5245F890253FE705002E8B53 /* Preview Assets.xcassets */,
			);
			path = "Preview Content";
			sourceTree = "<group>";
		};
		5245F89D253FE706002E8B53 /* Mestika DashboardTests */ = {
			isa = PBXGroup;
			children = (
				5245F89E253FE706002E8B53 /* Mestika_DashboardTests.swift */,
				5245F8A0253FE706002E8B53 /* Info.plist */,
			);
			path = "Mestika DashboardTests";
			sourceTree = "<group>";
		};
		5245F8A8253FE706002E8B53 /* Mestika DashboardUITests */ = {
			isa = PBXGroup;
			children = (
				5245F8A9253FE706002E8B53 /* Mestika_DashboardUITests.swift */,
				5245F8AB253FE706002E8B53 /* Info.plist */,
			);
			path = "Mestika DashboardUITests";
			sourceTree = "<group>";
		};
		5245F8BA253FE818002E8B53 /* UI */ = {
			isa = PBXGroup;
			children = (
				523A86282542BE8600ADFE25 /* Components */,
				5245F8BB253FE821002E8B53 /* Screen */,
				52468ABC25413604007518AE /* Views */,
				C092ABFD2553B51B0051CE3E /* Resources */,
			);
			path = UI;
			sourceTree = "<group>";
		};
		5245F8BB253FE821002E8B53 /* Screen */ = {
			isa = PBXGroup;
			children = (
				5247466A254818BB001F43C5 /* Register */,
				5245F8BC253FE82E002E8B53 /* Dashboard */,
			);
			path = Screen;
			sourceTree = "<group>";
		};
		5245F8BC253FE82E002E8B53 /* Dashboard */ = {
			isa = PBXGroup;
			children = (
				526B657A254FB20800C13C36 /* Account */,
				5247460E2547CA38001F43C5 /* Favorite */,
				52C34886254288BD00F08F37 /* Transfer */,
				5245F8BD253FE9FC002E8B53 /* BottomNavigationView.swift */,
				52474D5D254026BD0094B758 /* DashboardTabs.swift */,
				52474D622540276A0094B758 /* TransferTabs.swift */,
				52474D67254028350094B758 /* FavoriteTabs.swift */,
				52474D78254028CD0094B758 /* AccountTabs.swift */,
				52474D7D25402D130094B758 /* PaymentTransactionTabs.swift */,
				525FA10925524F29007EADCB /* CustomBottomNavigationView.swift */,
			);
			path = Dashboard;
			sourceTree = "<group>";
		};
		52468ABC25413604007518AE /* Views */ = {
			isa = PBXGroup;
			children = (
				525FA1132552898A007EADCB /* PaymentTransaction */,
				526B657E254FB70200C13C36 /* Account */,
				524745F42547C52E001F43C5 /* Favorite */,
				52C348702542876F00F08F37 /* Transfer */,
				52C3485F25426DFF00F08F37 /* Sidemenu */,
				52468ABD2541360C007518AE /* Dashboard */,
			);
			path = Views;
			sourceTree = "<group>";
		};
		52468ABD2541360C007518AE /* Dashboard */ = {
			isa = PBXGroup;
			children = (
				52468AD525417238007518AE /* BindingModel */,
				C0A4F95C2552734A00566A11 /* CardManagement */,
				52468ABE254136A4007518AE /* GridMenuView.swift */,
				52468AC62541694F007518AE /* ListRekeningView.swift */,
				52468ACB25416D59007518AE /* ListEwalletView.swift */,
				52468AD025416FB1007518AE /* ListContactTransferOnUs.swift */,
				52468AE7254179CE007518AE /* ListPromoForYouView.swift */,
				52468AEC25417B3B007518AE /* ListPurchasePaymentView.swift */,
				52468AF625418024007518AE /* VoucherView.swift */,
			);
			path = Dashboard;
			sourceTree = "<group>";
		};
		52468AD525417238007518AE /* BindingModel */ = {
			isa = PBXGroup;
			children = (
				52468AD62541727B007518AE /* ContactTransferOnUs.swift */,
				52468AF125417B60007518AE /* PurchasePayment.swift */,
				52C3485725426D6800F08F37 /* SideMenuContent.swift */,
			);
			path = BindingModel;
			sourceTree = "<group>";
		};
		524745F42547C52E001F43C5 /* Favorite */ = {
			isa = PBXGroup;
			children = (
				524746442548071F001F43C5 /* Favorite Purchase Payment */,
				5247464325480704001F43C5 /* Favorite Transfer */,
				524745FD2547C561001F43C5 /* BindingModel */,
			);
			path = Favorite;
			sourceTree = "<group>";
		};
		524745FD2547C561001F43C5 /* BindingModel */ = {
			isa = PBXGroup;
			children = (
				524745FE2547C588001F43C5 /* PurchasePaymentFavorite.swift */,
				524746272547F6EC001F43C5 /* LastTransaction.swift */,
				5247465225480BBC001F43C5 /* LastPurchasePayment.swift */,
			);
			path = BindingModel;
			sourceTree = "<group>";
		};
		5247460E2547CA38001F43C5 /* Favorite */ = {
			isa = PBXGroup;
			children = (
				5247463A25480527001F43C5 /* Favorite Purchase Payment */,
				5247463925480511001F43C5 /* Favorite Transfer */,
			);
			path = Favorite;
			sourceTree = "<group>";
		};
		5247463925480511001F43C5 /* Favorite Transfer */ = {
			isa = PBXGroup;
			children = (
				524746222547E6BF001F43C5 /* LastFavoriteTransferScreen.swift */,
				5247460F2547CA51001F43C5 /* FavoriteTransferScreen.swift */,
			);
			path = "Favorite Transfer";
			sourceTree = "<group>";
		};
		5247463A25480527001F43C5 /* Favorite Purchase Payment */ = {
			isa = PBXGroup;
			children = (
				5247463E2548068E001F43C5 /* FavoritePurchasePaymentScreen.swift */,
				5247466225481051001F43C5 /* LastFavoritePurchasePaymentScreen.swift */,
			);
			path = "Favorite Purchase Payment";
			sourceTree = "<group>";
		};
		5247464325480704001F43C5 /* Favorite Transfer */ = {
			isa = PBXGroup;
			children = (
				524746172547D157001F43C5 /* ListAllFavoriteTransactionView.swift */,
				524746032547C900001F43C5 /* ListFavoriteTransactionView.swift */,
				5247463425480047001F43C5 /* ListLastTransactionView.swift */,
			);
			path = "Favorite Transfer";
			sourceTree = "<group>";
		};
		524746442548071F001F43C5 /* Favorite Purchase Payment */ = {
			isa = PBXGroup;
			children = (
				524745F52547C547001F43C5 /* ListFavoritePurchasePaymentView.swift */,
				5247464525480754001F43C5 /* ListAllFavoritePurchasePaymentView.swift */,
				5247465A25480C3A001F43C5 /* ListLastPurchasePaymentView.swift */,
			);
			path = "Favorite Purchase Payment";
			sourceTree = "<group>";
		};
		5247466A254818BB001F43C5 /* Register */ = {
			isa = PBXGroup;
			children = (
				52702E3D254857A800CC0304 /* GreetScreen.swift */,
			);
			path = Register;
			sourceTree = "<group>";
		};
		52474D822540320D0094B758 /* Extensions */ = {
			isa = PBXGroup;
			children = (
				52468AB725412475007518AE /* Color+Extensions.swift */,
				52468ADF254177E6007518AE /* Substring+Extensions.swift */,
				52C3489025428CB000F08F37 /* NavigationConfigurator.swift */,
				525DB5142546828100D48075 /* String+Extensions.swift */,
				525DB5192546829700D48075 /* Int+Extensions.swift */,
				526B65FC254FF4C300C13C36 /* CornerRadius+Extensions.swift */,
			);
			path = Extensions;
			sourceTree = "<group>";
		};
		525FA1132552898A007EADCB /* PaymentTransaction */ = {
			isa = PBXGroup;
			children = (
				525FA114255289B0007EADCB /* GridMenuManyUsedView.swift */,
				525FA11C25528D9A007EADCB /* GridMenuAllPaymentPurchaseView.swift */,
				525FA129255290BF007EADCB /* ListLastPurchasePaymentTransactionView.swift */,
			);
			path = PaymentTransaction;
			sourceTree = "<group>";
		};
		526B657A254FB20800C13C36 /* Account */ = {
			isa = PBXGroup;
			children = (
				52DA208A25510C4200CC048A /* ChangePasswordPinMenu */,
				526B6601254FF9FC00C13C36 /* StatementScreen.swift */,
				C0D7B5D92552AF25009C3976 /* CardManagement */,
				526B660B254FFA7900C13C36 /* TransactionFeesScreen.swift */,
				526B6610254FFA9B00C13C36 /* LanguageSettingScreen.swift */,
				526B6615254FFABD00C13C36 /* ChangePasswordOrPinSettingScreen.swift */,
			);
			path = Account;
			sourceTree = "<group>";
		};
		526B657E254FB70200C13C36 /* Account */ = {
			isa = PBXGroup;
			children = (
				526B657F254FB70800C13C36 /* BindingModel */,
				526B6588254FB7AA00C13C36 /* ListHistoryTransactionView.swift */,
				526B658D254FBADC00C13C36 /* ListMySavingsView.swift */,
				526B6597254FBF1400C13C36 /* ListHistoryTransferView.swift */,
				526B65F7254FF1BC00C13C36 /* PopoverSettingsView.swift */,
				6122B5164BC001B572462BCE /* Statement */,
			);
			path = Account;
			sourceTree = "<group>";
		};
		526B657F254FB70800C13C36 /* BindingModel */ = {
			isa = PBXGroup;
			children = (
				526B6580254FB72300C13C36 /* HistoryTransaction.swift */,
				526B6592254FBAF100C13C36 /* MySavings.swift */,
				526B659C254FC05300C13C36 /* HistoryTransfer.swift */,
				526B661A254FFB0500C13C36 /* SettingMenu.swift */,
				52DA20842551069C00CC048A /* Statement.swift */,
			);
			path = BindingModel;
			sourceTree = "<group>";
		};
		52C3485F25426DFF00F08F37 /* Sidemenu */ = {
			isa = PBXGroup;
			children = (
				52C3486025426E0D00F08F37 /* SidemenuView.swift */,
				52C348682542701500F08F37 /* SidemenuCell.swift */,
			);
			path = Sidemenu;
			sourceTree = "<group>";
		};
		52C348702542876F00F08F37 /* Transfer */ = {
			isa = PBXGroup;
			children = (
				52C3487C2542879D00F08F37 /* BindingModel */,
				52C348712542878700F08F37 /* ListTransactionFavoriteView.swift */,
				52C348992542ACC500F08F37 /* ListBankAccountView.swift */,
				525DB5282546B16A00D48075 /* PopOverFavoriteView.swift */,
			);
			path = Transfer;
			sourceTree = "<group>";
		};
		52C3487C2542879D00F08F37 /* BindingModel */ = {
			isa = PBXGroup;
			children = (
				52C3487E254287B800F08F37 /* TransactionFavorit.swift */,
				52C348A12542ACF400F08F37 /* BankAccount.swift */,
			);
			path = BindingModel;
			sourceTree = "<group>";
		};
		52C34886254288BD00F08F37 /* Transfer */ = {
			isa = PBXGroup;
			children = (
				52C34887254288D000F08F37 /* TransferOnUsScreen.swift */,
				525DB50225466B5C00D48075 /* TransferOnUsConfirmationScreen.swift */,
				525DB50A2546795400D48075 /* TransferOnUsPinConfirmationScreen.swift */,
				525DB5232546A05A00D48075 /* TransferOnUsSuccessInformationScreen.swift */,
				525DB52D2546C29700D48075 /* TransferOnUsDetailsInformation.swift */,
			);
			path = Transfer;
			sourceTree = "<group>";
		};
		52DA208A25510C4200CC048A /* ChangePasswordPinMenu */ = {
			isa = PBXGroup;
			children = (
				52DA20A92551217200CC048A /* ResetPin */,
				52DA20A82551216200CC048A /* ChangePin */,
				52DA20A72551215200CC048A /* ChangePassword */,
			);
			path = ChangePasswordPinMenu;
			sourceTree = "<group>";
		};
		52DA20A72551215200CC048A /* ChangePassword */ = {
			isa = PBXGroup;
			children = (
				52DA208B25510CB100CC048A /* FormInputOldPasswordScreen.swift */,
				52DA20932551115700CC048A /* FormInputNewPasswordScreen.swift */,
			);
			path = ChangePassword;
			sourceTree = "<group>";
		};
		52DA20A82551216200CC048A /* ChangePin */ = {
			isa = PBXGroup;
			children = (
				52DA20982551156400CC048A /* FormInputOldPinScreen.swift */,
				52DA209D25511A9F00CC048A /* FormInputNewPinScreen.swift */,
			);
			path = ChangePin;
			sourceTree = "<group>";
		};
		52DA20A92551217200CC048A /* ResetPin */ = {
			isa = PBXGroup;
			children = (
				52DA20A225511F8600CC048A /* FormInputResetPinScreen.swift */,
				52DA20AA2551218C00CC048A /* OtpResetPinScreen.swift */,
				52DA20B2255134B300CC048A /* FormInputResetNewPinScreen.swift */,
			);
			path = ResetPin;
			sourceTree = "<group>";
		};
		6122B5164BC001B572462BCE /* Statement */ = {
			isa = PBXGroup;
			children = (
				6122BCB85E2BD6C30BF0566A /* ListStatementView.swift */,
			);
			path = Statement;
			sourceTree = "<group>";
		};
		C092ABFD2553B51B0051CE3E /* Resources */ = {
			isa = PBXGroup;
			children = (
				C0A4F98C25528BF200566A11 /* fonts */,
				C092ABF82553B4BF0051CE3E /* Data.swift */,
				C092ABFE2553B5850051CE3E /* myCardData.json */,
			);
			path = Resources;
			sourceTree = "<group>";
		};
		C0A4F95C2552734A00566A11 /* CardManagement */ = {
			isa = PBXGroup;
			children = (
				C0A4F97B2552874900566A11 /* BindingModel */,
				C0A4F9872552896200566A11 /* DetailKartuTidakAktifView.swift */,
				C0A4F9B325529EF800566A11 /* DetailKartuAktifView.swift */,
			);
			path = CardManagement;
			sourceTree = "<group>";
		};
		C0A4F97B2552874900566A11 /* BindingModel */ = {
			isa = PBXGroup;
			children = (
				C092ABEF2553B3CF0051CE3E /* MyCard.swift */,
			);
			path = BindingModel;
			sourceTree = "<group>";
		};
		C0A4F98C25528BF200566A11 /* fonts */ = {
			isa = PBXGroup;
			children = (
				C0A4F99425528C0700566A11 /* Montserrat-Black.ttf */,
				C0A4F98F25528C0600566A11 /* Montserrat-Bold.ttf */,
				C0A4F99225528C0700566A11 /* Montserrat-ExtraBold.ttf */,
				C0A4F99525528C0700566A11 /* Montserrat-ExtraLight.ttf */,
				C0A4F99025528C0600566A11 /* Montserrat-Light.ttf */,
				C0A4F99325528C0700566A11 /* Montserrat-Medium.ttf */,
				C0A4F99125528C0700566A11 /* Montserrat-Regular.ttf */,
				C0A4F98D25528C0600566A11 /* Montserrat-SemiBold.ttf */,
				C0A4F98E25528C0600566A11 /* Montserrat-Thin.ttf */,
			);
			path = fonts;
			sourceTree = "<group>";
		};
		C0D7B5D92552AF25009C3976 /* CardManagement */ = {
			isa = PBXGroup;
			children = (
				526B6606254FFA4600C13C36 /* CardManagementScreen.swift */,
				C0D7B5CE2552ACEB009C3976 /* ActivationCardView.swift */,
				C0D7B5DA2552AF43009C3976 /* VerificationOTPCardView.swift */,
				C0D7B5E22552B1B7009C3976 /* VerificationCVVCardView.swift */,
			);
			path = CardManagement;
			sourceTree = "<group>";
		};
/* End PBXGroup section */

/* Begin PBXNativeTarget section */
		5245F880253FE702002E8B53 /* Mestika Dashboard */ = {
			isa = PBXNativeTarget;
			buildConfigurationList = 5245F8AE253FE706002E8B53 /* Build configuration list for PBXNativeTarget "Mestika Dashboard" */;
			buildPhases = (
				5245F87D253FE702002E8B53 /* Sources */,
				5245F87E253FE702002E8B53 /* Frameworks */,
				5245F87F253FE702002E8B53 /* Resources */,
			);
			buildRules = (
			);
			dependencies = (
			);
			name = "Mestika Dashboard";
			packageProductDependencies = (
				523A86232542B67900ADFE25 /* PopupView */,
				523A86322542CC6E00ADFE25 /* BottomSheet */,
			);
			productName = "Mestika Dashboard";
			productReference = 5245F881253FE702002E8B53 /* Mestika Dashboard.app */;
			productType = "com.apple.product-type.application";
		};
		5245F899253FE706002E8B53 /* Mestika DashboardTests */ = {
			isa = PBXNativeTarget;
			buildConfigurationList = 5245F8B1253FE706002E8B53 /* Build configuration list for PBXNativeTarget "Mestika DashboardTests" */;
			buildPhases = (
				5245F896253FE706002E8B53 /* Sources */,
				5245F897253FE706002E8B53 /* Frameworks */,
				5245F898253FE706002E8B53 /* Resources */,
			);
			buildRules = (
			);
			dependencies = (
				5245F89C253FE706002E8B53 /* PBXTargetDependency */,
			);
			name = "Mestika DashboardTests";
			productName = "Mestika DashboardTests";
			productReference = 5245F89A253FE706002E8B53 /* Mestika DashboardTests.xctest */;
			productType = "com.apple.product-type.bundle.unit-test";
		};
		5245F8A4253FE706002E8B53 /* Mestika DashboardUITests */ = {
			isa = PBXNativeTarget;
			buildConfigurationList = 5245F8B4253FE706002E8B53 /* Build configuration list for PBXNativeTarget "Mestika DashboardUITests" */;
			buildPhases = (
				5245F8A1253FE706002E8B53 /* Sources */,
				5245F8A2253FE706002E8B53 /* Frameworks */,
				5245F8A3253FE706002E8B53 /* Resources */,
			);
			buildRules = (
			);
			dependencies = (
				5245F8A7253FE706002E8B53 /* PBXTargetDependency */,
			);
			name = "Mestika DashboardUITests";
			productName = "Mestika DashboardUITests";
			productReference = 5245F8A5253FE706002E8B53 /* Mestika DashboardUITests.xctest */;
			productType = "com.apple.product-type.bundle.ui-testing";
		};
/* End PBXNativeTarget section */

/* Begin PBXProject section */
		5245F879253FE702002E8B53 /* Project object */ = {
			isa = PBXProject;
			attributes = {
				LastSwiftUpdateCheck = 1200;
				LastUpgradeCheck = 1200;
				TargetAttributes = {
					5245F880253FE702002E8B53 = {
						CreatedOnToolsVersion = 12.0.1;
					};
					5245F899253FE706002E8B53 = {
						CreatedOnToolsVersion = 12.0.1;
						TestTargetID = 5245F880253FE702002E8B53;
					};
					5245F8A4253FE706002E8B53 = {
						CreatedOnToolsVersion = 12.0.1;
						TestTargetID = 5245F880253FE702002E8B53;
					};
				};
			};
			buildConfigurationList = 5245F87C253FE702002E8B53 /* Build configuration list for PBXProject "Mestika Dashboard" */;
			compatibilityVersion = "Xcode 9.3";
			developmentRegion = en;
			hasScannedForEncodings = 0;
			knownRegions = (
				en,
				Base,
			);
			mainGroup = 5245F878253FE702002E8B53;
			packageReferences = (
				523A86222542B67900ADFE25 /* XCRemoteSwiftPackageReference "PopupView" */,
				523A86312542CC6E00ADFE25 /* XCRemoteSwiftPackageReference "bottom-sheet" */,
			);
			productRefGroup = 5245F882253FE702002E8B53 /* Products */;
			projectDirPath = "";
			projectRoot = "";
			targets = (
				5245F880253FE702002E8B53 /* Mestika Dashboard */,
				5245F899253FE706002E8B53 /* Mestika DashboardTests */,
				5245F8A4253FE706002E8B53 /* Mestika DashboardUITests */,
			);
		};
/* End PBXProject section */

/* Begin PBXResourcesBuildPhase section */
		5245F87F253FE702002E8B53 /* Resources */ = {
			isa = PBXResourcesBuildPhase;
			buildActionMask = 2147483647;
			files = (
				C0A4F99A25528C0700566A11 /* Montserrat-Regular.ttf in Resources */,
				C092ABFF2553B5850051CE3E /* myCardData.json in Resources */,
				C0A4F99E25528C0700566A11 /* Montserrat-ExtraLight.ttf in Resources */,
				C0A4F99925528C0700566A11 /* Montserrat-Light.ttf in Resources */,
				C0A4F99725528C0700566A11 /* Montserrat-Thin.ttf in Resources */,
				5245F894253FE705002E8B53 /* LaunchScreen.storyboard in Resources */,
				C0A4F99825528C0700566A11 /* Montserrat-Bold.ttf in Resources */,
				5245F891253FE705002E8B53 /* Preview Assets.xcassets in Resources */,
				C0A4F99C25528C0700566A11 /* Montserrat-Medium.ttf in Resources */,
				C0A4F99D25528C0700566A11 /* Montserrat-Black.ttf in Resources */,
				C0A4F99625528C0700566A11 /* Montserrat-SemiBold.ttf in Resources */,
				C0A4F99B25528C0700566A11 /* Montserrat-ExtraBold.ttf in Resources */,
				5245F88E253FE705002E8B53 /* Assets.xcassets in Resources */,
			);
			runOnlyForDeploymentPostprocessing = 0;
		};
		5245F898253FE706002E8B53 /* Resources */ = {
			isa = PBXResourcesBuildPhase;
			buildActionMask = 2147483647;
			files = (
			);
			runOnlyForDeploymentPostprocessing = 0;
		};
		5245F8A3253FE706002E8B53 /* Resources */ = {
			isa = PBXResourcesBuildPhase;
			buildActionMask = 2147483647;
			files = (
			);
			runOnlyForDeploymentPostprocessing = 0;
		};
/* End PBXResourcesBuildPhase section */

/* Begin PBXSourcesBuildPhase section */
		5245F87D253FE702002E8B53 /* Sources */ = {
			isa = PBXSourcesBuildPhase;
			buildActionMask = 2147483647;
			files = (
				5245F885253FE702002E8B53 /* AppDelegate.swift in Sources */,
				5247466325481051001F43C5 /* LastFavoritePurchasePaymentScreen.swift in Sources */,
				525DB50325466B5C00D48075 /* TransferOnUsConfirmationScreen.swift in Sources */,
				52474D79254028CD0094B758 /* AccountTabs.swift in Sources */,
				523A862A2542BE9600ADFE25 /* ModalOverlay.swift in Sources */,
				526B660C254FFA7900C13C36 /* TransactionFeesScreen.swift in Sources */,
				52C3485825426D6800F08F37 /* SideMenuContent.swift in Sources */,
				C0EB90D32553D7E2004DBCF5 /* CardView.swift in Sources */,
				52DA20AB2551218C00CC048A /* OtpResetPinScreen.swift in Sources */,
				525DB52E2546C29700D48075 /* TransferOnUsDetailsInformation.swift in Sources */,
				52C3489A2542ACC500F08F37 /* ListBankAccountView.swift in Sources */,
				525FA10A25524F29007EADCB /* CustomBottomNavigationView.swift in Sources */,
				5245F887253FE702002E8B53 /* SceneDelegate.swift in Sources */,
				524746042547C900001F43C5 /* ListFavoriteTransactionView.swift in Sources */,
				C092ABF92553B4BF0051CE3E /* Data.swift in Sources */,
				524745F62547C547001F43C5 /* ListFavoritePurchasePaymentView.swift in Sources */,
				C0D7B5CF2552ACEB009C3976 /* ActivationCardView.swift in Sources */,
				526B6581254FB72300C13C36 /* HistoryTransaction.swift in Sources */,
				526B6607254FFA4600C13C36 /* CardManagementScreen.swift in Sources */,
				526B65F8254FF1BC00C13C36 /* PopoverSettingsView.swift in Sources */,
				525FA115255289B0007EADCB /* GridMenuManyUsedView.swift in Sources */,
				52474D632540276A0094B758 /* TransferTabs.swift in Sources */,
				52DA20942551115700CC048A /* FormInputNewPasswordScreen.swift in Sources */,
				526B6611254FFA9B00C13C36 /* LanguageSettingScreen.swift in Sources */,
				C0A4F9882552896200566A11 /* DetailKartuTidakAktifView.swift in Sources */,
				52474D5E254026BD0094B758 /* DashboardTabs.swift in Sources */,
				C0D7B5DB2552AF43009C3976 /* VerificationOTPCardView.swift in Sources */,
				52C348A22542ACF400F08F37 /* BankAccount.swift in Sources */,
				526B661B254FFB0500C13C36 /* SettingMenu.swift in Sources */,
				52468AD72541727B007518AE /* ContactTransferOnUs.swift in Sources */,
				524746182547D157001F43C5 /* ListAllFavoriteTransactionView.swift in Sources */,
				52468ACC25416D59007518AE /* ListEwalletView.swift in Sources */,
				5247463F2548068E001F43C5 /* FavoritePurchasePaymentScreen.swift in Sources */,
				525DB51F2546869B00D48075 /* PinView.swift in Sources */,
				52DA208C25510CB100CC048A /* FormInputOldPasswordScreen.swift in Sources */,
				524745FF2547C588001F43C5 /* PurchasePaymentFavorite.swift in Sources */,
				52468AF225417B60007518AE /* PurchasePayment.swift in Sources */,
				5247465325480BBC001F43C5 /* LastPurchasePayment.swift in Sources */,
				525DB50B2546795400D48075 /* TransferOnUsPinConfirmationScreen.swift in Sources */,
				524746282547F6EC001F43C5 /* LastTransaction.swift in Sources */,
				C0A4F9B425529EF800566A11 /* DetailKartuAktifView.swift in Sources */,
				5245F8BE253FE9FC002E8B53 /* BottomNavigationView.swift in Sources */,
				C0A4F9AC25529A9700566A11 /* ArrowDownShape.swift in Sources */,
				526B6602254FF9FC00C13C36 /* StatementScreen.swift in Sources */,
				525DB5152546828100D48075 /* String+Extensions.swift in Sources */,
				52C348692542701500F08F37 /* SidemenuCell.swift in Sources */,
				52C3487F254287B800F08F37 /* TransactionFavorit.swift in Sources */,
				52468AE8254179CE007518AE /* ListPromoForYouView.swift in Sources */,
				525FA12A255290BF007EADCB /* ListLastPurchasePaymentTransactionView.swift in Sources */,
				525FA11D25528D9A007EADCB /* GridMenuAllPaymentPurchaseView.swift in Sources */,
				5245F889253FE702002E8B53 /* ContentView.swift in Sources */,
				52474D7E25402D130094B758 /* PaymentTransactionTabs.swift in Sources */,
				52702E3E254857A800CC0304 /* GreetScreen.swift in Sources */,
				525DB51A2546829700D48075 /* Int+Extensions.swift in Sources */,
				52468AD125416FB1007518AE /* ListContactTransferOnUs.swift in Sources */,
				52468ABF254136A4007518AE /* GridMenuView.swift in Sources */,
				525DB5292546B16A00D48075 /* PopOverFavoriteView.swift in Sources */,
				526B65FD254FF4C300C13C36 /* CornerRadius+Extensions.swift in Sources */,
				52C348722542878700F08F37 /* ListTransactionFavoriteView.swift in Sources */,
				525DB51025467BAB00D48075 /* NumPadView.swift in Sources */,
				5245F88C253FE702002E8B53 /* Mestika_Dashboard.xcdatamodeld in Sources */,
				5247465B25480C3A001F43C5 /* ListLastPurchasePaymentView.swift in Sources */,
				5247464625480754001F43C5 /* ListAllFavoritePurchasePaymentView.swift in Sources */,
				52DA209E25511A9F00CC048A /* FormInputNewPinScreen.swift in Sources */,
				52DA20852551069C00CC048A /* Statement.swift in Sources */,
				526B6616254FFABD00C13C36 /* ChangePasswordOrPinSettingScreen.swift in Sources */,
				52DA20992551156500CC048A /* FormInputOldPinScreen.swift in Sources */,
				52468AC72541694F007518AE /* ListRekeningView.swift in Sources */,
				52DA20B3255134B300CC048A /* FormInputResetNewPinScreen.swift in Sources */,
				526B659D254FC05300C13C36 /* HistoryTransfer.swift in Sources */,
				C0D7B5E32552B1B7009C3976 /* VerificationCVVCardView.swift in Sources */,
				52C3486125426E0D00F08F37 /* SidemenuView.swift in Sources */,
				526B658E254FBADC00C13C36 /* ListMySavingsView.swift in Sources */,
				525FA10F25525DA8007EADCB /* OffsetKey.swift in Sources */,
				C092ABF02553B3CF0051CE3E /* MyCard.swift in Sources */,
				526B6589254FB7AA00C13C36 /* ListHistoryTransactionView.swift in Sources */,
				52468AED25417B3B007518AE /* ListPurchasePaymentView.swift in Sources */,
				52474D68254028350094B758 /* FavoriteTabs.swift in Sources */,
				524746232547E6BF001F43C5 /* LastFavoriteTransferScreen.swift in Sources */,
				526B6593254FBAF100C13C36 /* MySavings.swift in Sources */,
				52468AF725418024007518AE /* VoucherView.swift in Sources */,
				5247463525480047001F43C5 /* ListLastTransactionView.swift in Sources */,
				52C34888254288D000F08F37 /* TransferOnUsScreen.swift in Sources */,
				525DB5242546A05A00D48075 /* TransferOnUsSuccessInformationScreen.swift in Sources */,
				524746102547CA51001F43C5 /* FavoriteTransferScreen.swift in Sources */,
				52468AB825412475007518AE /* Color+Extensions.swift in Sources */,
				52DA20A325511F8600CC048A /* FormInputResetPinScreen.swift in Sources */,
				526B6598254FBF1400C13C36 /* ListHistoryTransferView.swift in Sources */,
				52C3489125428CB000F08F37 /* NavigationConfigurator.swift in Sources */,
				52468AE0254177E6007518AE /* Substring+Extensions.swift in Sources */,
				6122BA757969EBD48882E437 /* ListStatementView.swift in Sources */,
			);
			runOnlyForDeploymentPostprocessing = 0;
		};
		5245F896253FE706002E8B53 /* Sources */ = {
			isa = PBXSourcesBuildPhase;
			buildActionMask = 2147483647;
			files = (
				5245F89F253FE706002E8B53 /* Mestika_DashboardTests.swift in Sources */,
			);
			runOnlyForDeploymentPostprocessing = 0;
		};
		5245F8A1253FE706002E8B53 /* Sources */ = {
			isa = PBXSourcesBuildPhase;
			buildActionMask = 2147483647;
			files = (
				5245F8AA253FE706002E8B53 /* Mestika_DashboardUITests.swift in Sources */,
			);
			runOnlyForDeploymentPostprocessing = 0;
		};
/* End PBXSourcesBuildPhase section */

/* Begin PBXTargetDependency section */
		5245F89C253FE706002E8B53 /* PBXTargetDependency */ = {
			isa = PBXTargetDependency;
			target = 5245F880253FE702002E8B53 /* Mestika Dashboard */;
			targetProxy = 5245F89B253FE706002E8B53 /* PBXContainerItemProxy */;
		};
		5245F8A7253FE706002E8B53 /* PBXTargetDependency */ = {
			isa = PBXTargetDependency;
			target = 5245F880253FE702002E8B53 /* Mestika Dashboard */;
			targetProxy = 5245F8A6253FE706002E8B53 /* PBXContainerItemProxy */;
		};
/* End PBXTargetDependency section */

/* Begin PBXVariantGroup section */
		5245F892253FE705002E8B53 /* LaunchScreen.storyboard */ = {
			isa = PBXVariantGroup;
			children = (
				5245F893253FE705002E8B53 /* Base */,
			);
			name = LaunchScreen.storyboard;
			sourceTree = "<group>";
		};
/* End PBXVariantGroup section */

/* Begin XCBuildConfiguration section */
		5245F8AC253FE706002E8B53 /* Debug */ = {
			isa = XCBuildConfiguration;
			buildSettings = {
				ALWAYS_SEARCH_USER_PATHS = NO;
				CLANG_ANALYZER_NONNULL = YES;
				CLANG_ANALYZER_NUMBER_OBJECT_CONVERSION = YES_AGGRESSIVE;
				CLANG_CXX_LANGUAGE_STANDARD = "gnu++14";
				CLANG_CXX_LIBRARY = "libc++";
				CLANG_ENABLE_MODULES = YES;
				CLANG_ENABLE_OBJC_ARC = YES;
				CLANG_ENABLE_OBJC_WEAK = YES;
				CLANG_WARN_BLOCK_CAPTURE_AUTORELEASING = YES;
				CLANG_WARN_BOOL_CONVERSION = YES;
				CLANG_WARN_COMMA = YES;
				CLANG_WARN_CONSTANT_CONVERSION = YES;
				CLANG_WARN_DEPRECATED_OBJC_IMPLEMENTATIONS = YES;
				CLANG_WARN_DIRECT_OBJC_ISA_USAGE = YES_ERROR;
				CLANG_WARN_DOCUMENTATION_COMMENTS = YES;
				CLANG_WARN_EMPTY_BODY = YES;
				CLANG_WARN_ENUM_CONVERSION = YES;
				CLANG_WARN_INFINITE_RECURSION = YES;
				CLANG_WARN_INT_CONVERSION = YES;
				CLANG_WARN_NON_LITERAL_NULL_CONVERSION = YES;
				CLANG_WARN_OBJC_IMPLICIT_RETAIN_SELF = YES;
				CLANG_WARN_OBJC_LITERAL_CONVERSION = YES;
				CLANG_WARN_OBJC_ROOT_CLASS = YES_ERROR;
				CLANG_WARN_QUOTED_INCLUDE_IN_FRAMEWORK_HEADER = YES;
				CLANG_WARN_RANGE_LOOP_ANALYSIS = YES;
				CLANG_WARN_STRICT_PROTOTYPES = YES;
				CLANG_WARN_SUSPICIOUS_MOVE = YES;
				CLANG_WARN_UNGUARDED_AVAILABILITY = YES_AGGRESSIVE;
				CLANG_WARN_UNREACHABLE_CODE = YES;
				CLANG_WARN__DUPLICATE_METHOD_MATCH = YES;
				COPY_PHASE_STRIP = NO;
				DEBUG_INFORMATION_FORMAT = dwarf;
				ENABLE_STRICT_OBJC_MSGSEND = YES;
				ENABLE_TESTABILITY = YES;
				GCC_C_LANGUAGE_STANDARD = gnu11;
				GCC_DYNAMIC_NO_PIC = NO;
				GCC_NO_COMMON_BLOCKS = YES;
				GCC_OPTIMIZATION_LEVEL = 0;
				GCC_PREPROCESSOR_DEFINITIONS = (
					"DEBUG=1",
					"$(inherited)",
				);
				GCC_WARN_64_TO_32_BIT_CONVERSION = YES;
				GCC_WARN_ABOUT_RETURN_TYPE = YES_ERROR;
				GCC_WARN_UNDECLARED_SELECTOR = YES;
				GCC_WARN_UNINITIALIZED_AUTOS = YES_AGGRESSIVE;
				GCC_WARN_UNUSED_FUNCTION = YES;
				GCC_WARN_UNUSED_VARIABLE = YES;
				IPHONEOS_DEPLOYMENT_TARGET = 14.0;
				MTL_ENABLE_DEBUG_INFO = INCLUDE_SOURCE;
				MTL_FAST_MATH = YES;
				ONLY_ACTIVE_ARCH = YES;
				SDKROOT = iphoneos;
				SWIFT_ACTIVE_COMPILATION_CONDITIONS = DEBUG;
				SWIFT_OPTIMIZATION_LEVEL = "-Onone";
			};
			name = Debug;
		};
		5245F8AD253FE706002E8B53 /* Release */ = {
			isa = XCBuildConfiguration;
			buildSettings = {
				ALWAYS_SEARCH_USER_PATHS = NO;
				CLANG_ANALYZER_NONNULL = YES;
				CLANG_ANALYZER_NUMBER_OBJECT_CONVERSION = YES_AGGRESSIVE;
				CLANG_CXX_LANGUAGE_STANDARD = "gnu++14";
				CLANG_CXX_LIBRARY = "libc++";
				CLANG_ENABLE_MODULES = YES;
				CLANG_ENABLE_OBJC_ARC = YES;
				CLANG_ENABLE_OBJC_WEAK = YES;
				CLANG_WARN_BLOCK_CAPTURE_AUTORELEASING = YES;
				CLANG_WARN_BOOL_CONVERSION = YES;
				CLANG_WARN_COMMA = YES;
				CLANG_WARN_CONSTANT_CONVERSION = YES;
				CLANG_WARN_DEPRECATED_OBJC_IMPLEMENTATIONS = YES;
				CLANG_WARN_DIRECT_OBJC_ISA_USAGE = YES_ERROR;
				CLANG_WARN_DOCUMENTATION_COMMENTS = YES;
				CLANG_WARN_EMPTY_BODY = YES;
				CLANG_WARN_ENUM_CONVERSION = YES;
				CLANG_WARN_INFINITE_RECURSION = YES;
				CLANG_WARN_INT_CONVERSION = YES;
				CLANG_WARN_NON_LITERAL_NULL_CONVERSION = YES;
				CLANG_WARN_OBJC_IMPLICIT_RETAIN_SELF = YES;
				CLANG_WARN_OBJC_LITERAL_CONVERSION = YES;
				CLANG_WARN_OBJC_ROOT_CLASS = YES_ERROR;
				CLANG_WARN_QUOTED_INCLUDE_IN_FRAMEWORK_HEADER = YES;
				CLANG_WARN_RANGE_LOOP_ANALYSIS = YES;
				CLANG_WARN_STRICT_PROTOTYPES = YES;
				CLANG_WARN_SUSPICIOUS_MOVE = YES;
				CLANG_WARN_UNGUARDED_AVAILABILITY = YES_AGGRESSIVE;
				CLANG_WARN_UNREACHABLE_CODE = YES;
				CLANG_WARN__DUPLICATE_METHOD_MATCH = YES;
				COPY_PHASE_STRIP = NO;
				DEBUG_INFORMATION_FORMAT = "dwarf-with-dsym";
				ENABLE_NS_ASSERTIONS = NO;
				ENABLE_STRICT_OBJC_MSGSEND = YES;
				GCC_C_LANGUAGE_STANDARD = gnu11;
				GCC_NO_COMMON_BLOCKS = YES;
				GCC_WARN_64_TO_32_BIT_CONVERSION = YES;
				GCC_WARN_ABOUT_RETURN_TYPE = YES_ERROR;
				GCC_WARN_UNDECLARED_SELECTOR = YES;
				GCC_WARN_UNINITIALIZED_AUTOS = YES_AGGRESSIVE;
				GCC_WARN_UNUSED_FUNCTION = YES;
				GCC_WARN_UNUSED_VARIABLE = YES;
				IPHONEOS_DEPLOYMENT_TARGET = 14.0;
				MTL_ENABLE_DEBUG_INFO = NO;
				MTL_FAST_MATH = YES;
				SDKROOT = iphoneos;
				SWIFT_COMPILATION_MODE = wholemodule;
				SWIFT_OPTIMIZATION_LEVEL = "-O";
				VALIDATE_PRODUCT = YES;
			};
			name = Release;
		};
		5245F8AF253FE706002E8B53 /* Debug */ = {
			isa = XCBuildConfiguration;
			buildSettings = {
				ASSETCATALOG_COMPILER_APPICON_NAME = AppIcon;
				ASSETCATALOG_COMPILER_GLOBAL_ACCENT_COLOR_NAME = AccentColor;
				CODE_SIGN_STYLE = Automatic;
				DEVELOPMENT_ASSET_PATHS = "\"Mestika Dashboard/Preview Content\"";
				DEVELOPMENT_TEAM = RPKUZP5NC7;
				ENABLE_PREVIEWS = YES;
				INFOPLIST_FILE = "Mestika Dashboard/Info.plist";
				LD_RUNPATH_SEARCH_PATHS = (
					"$(inherited)",
					"@executable_path/Frameworks",
				);
				PRODUCT_BUNDLE_IDENTIFIER = "com.tabeldata.Mestika-Dashboard";
				PRODUCT_NAME = "$(TARGET_NAME)";
				SWIFT_VERSION = 5.0;
				TARGETED_DEVICE_FAMILY = "1,2";
			};
			name = Debug;
		};
		5245F8B0253FE706002E8B53 /* Release */ = {
			isa = XCBuildConfiguration;
			buildSettings = {
				ASSETCATALOG_COMPILER_APPICON_NAME = AppIcon;
				ASSETCATALOG_COMPILER_GLOBAL_ACCENT_COLOR_NAME = AccentColor;
				CODE_SIGN_STYLE = Automatic;
				DEVELOPMENT_ASSET_PATHS = "\"Mestika Dashboard/Preview Content\"";
				DEVELOPMENT_TEAM = RPKUZP5NC7;
				ENABLE_PREVIEWS = YES;
				INFOPLIST_FILE = "Mestika Dashboard/Info.plist";
				LD_RUNPATH_SEARCH_PATHS = (
					"$(inherited)",
					"@executable_path/Frameworks",
				);
				PRODUCT_BUNDLE_IDENTIFIER = "com.tabeldata.Mestika-Dashboard";
				PRODUCT_NAME = "$(TARGET_NAME)";
				SWIFT_VERSION = 5.0;
				TARGETED_DEVICE_FAMILY = "1,2";
			};
			name = Release;
		};
		5245F8B2253FE706002E8B53 /* Debug */ = {
			isa = XCBuildConfiguration;
			buildSettings = {
				ALWAYS_EMBED_SWIFT_STANDARD_LIBRARIES = YES;
				BUNDLE_LOADER = "$(TEST_HOST)";
				CODE_SIGN_STYLE = Automatic;
				DEVELOPMENT_TEAM = RPKUZP5NC7;
				INFOPLIST_FILE = "Mestika DashboardTests/Info.plist";
				IPHONEOS_DEPLOYMENT_TARGET = 14.0;
				LD_RUNPATH_SEARCH_PATHS = (
					"$(inherited)",
					"@executable_path/Frameworks",
					"@loader_path/Frameworks",
				);
				PRODUCT_BUNDLE_IDENTIFIER = "com.tabeldata.Mestika-DashboardTests";
				PRODUCT_NAME = "$(TARGET_NAME)";
				SWIFT_VERSION = 5.0;
				TARGETED_DEVICE_FAMILY = "1,2";
				TEST_HOST = "$(BUILT_PRODUCTS_DIR)/Mestika Dashboard.app/Mestika Dashboard";
			};
			name = Debug;
		};
		5245F8B3253FE706002E8B53 /* Release */ = {
			isa = XCBuildConfiguration;
			buildSettings = {
				ALWAYS_EMBED_SWIFT_STANDARD_LIBRARIES = YES;
				BUNDLE_LOADER = "$(TEST_HOST)";
				CODE_SIGN_STYLE = Automatic;
				DEVELOPMENT_TEAM = RPKUZP5NC7;
				INFOPLIST_FILE = "Mestika DashboardTests/Info.plist";
				IPHONEOS_DEPLOYMENT_TARGET = 14.0;
				LD_RUNPATH_SEARCH_PATHS = (
					"$(inherited)",
					"@executable_path/Frameworks",
					"@loader_path/Frameworks",
				);
				PRODUCT_BUNDLE_IDENTIFIER = "com.tabeldata.Mestika-DashboardTests";
				PRODUCT_NAME = "$(TARGET_NAME)";
				SWIFT_VERSION = 5.0;
				TARGETED_DEVICE_FAMILY = "1,2";
				TEST_HOST = "$(BUILT_PRODUCTS_DIR)/Mestika Dashboard.app/Mestika Dashboard";
			};
			name = Release;
		};
		5245F8B5253FE706002E8B53 /* Debug */ = {
			isa = XCBuildConfiguration;
			buildSettings = {
				ALWAYS_EMBED_SWIFT_STANDARD_LIBRARIES = YES;
				CODE_SIGN_STYLE = Automatic;
				DEVELOPMENT_TEAM = RPKUZP5NC7;
				INFOPLIST_FILE = "Mestika DashboardUITests/Info.plist";
				LD_RUNPATH_SEARCH_PATHS = (
					"$(inherited)",
					"@executable_path/Frameworks",
					"@loader_path/Frameworks",
				);
				PRODUCT_BUNDLE_IDENTIFIER = "com.tabeldata.Mestika-DashboardUITests";
				PRODUCT_NAME = "$(TARGET_NAME)";
				SWIFT_VERSION = 5.0;
				TARGETED_DEVICE_FAMILY = "1,2";
				TEST_TARGET_NAME = "Mestika Dashboard";
			};
			name = Debug;
		};
		5245F8B6253FE706002E8B53 /* Release */ = {
			isa = XCBuildConfiguration;
			buildSettings = {
				ALWAYS_EMBED_SWIFT_STANDARD_LIBRARIES = YES;
				CODE_SIGN_STYLE = Automatic;
				DEVELOPMENT_TEAM = RPKUZP5NC7;
				INFOPLIST_FILE = "Mestika DashboardUITests/Info.plist";
				LD_RUNPATH_SEARCH_PATHS = (
					"$(inherited)",
					"@executable_path/Frameworks",
					"@loader_path/Frameworks",
				);
				PRODUCT_BUNDLE_IDENTIFIER = "com.tabeldata.Mestika-DashboardUITests";
				PRODUCT_NAME = "$(TARGET_NAME)";
				SWIFT_VERSION = 5.0;
				TARGETED_DEVICE_FAMILY = "1,2";
				TEST_TARGET_NAME = "Mestika Dashboard";
			};
			name = Release;
		};
/* End XCBuildConfiguration section */

/* Begin XCConfigurationList section */
		5245F87C253FE702002E8B53 /* Build configuration list for PBXProject "Mestika Dashboard" */ = {
			isa = XCConfigurationList;
			buildConfigurations = (
				5245F8AC253FE706002E8B53 /* Debug */,
				5245F8AD253FE706002E8B53 /* Release */,
			);
			defaultConfigurationIsVisible = 0;
			defaultConfigurationName = Release;
		};
		5245F8AE253FE706002E8B53 /* Build configuration list for PBXNativeTarget "Mestika Dashboard" */ = {
			isa = XCConfigurationList;
			buildConfigurations = (
				5245F8AF253FE706002E8B53 /* Debug */,
				5245F8B0253FE706002E8B53 /* Release */,
			);
			defaultConfigurationIsVisible = 0;
			defaultConfigurationName = Release;
		};
		5245F8B1253FE706002E8B53 /* Build configuration list for PBXNativeTarget "Mestika DashboardTests" */ = {
			isa = XCConfigurationList;
			buildConfigurations = (
				5245F8B2253FE706002E8B53 /* Debug */,
				5245F8B3253FE706002E8B53 /* Release */,
			);
			defaultConfigurationIsVisible = 0;
			defaultConfigurationName = Release;
		};
		5245F8B4253FE706002E8B53 /* Build configuration list for PBXNativeTarget "Mestika DashboardUITests" */ = {
			isa = XCConfigurationList;
			buildConfigurations = (
				5245F8B5253FE706002E8B53 /* Debug */,
				5245F8B6253FE706002E8B53 /* Release */,
			);
			defaultConfigurationIsVisible = 0;
			defaultConfigurationName = Release;
		};
/* End XCConfigurationList section */

/* Begin XCRemoteSwiftPackageReference section */
		523A86222542B67900ADFE25 /* XCRemoteSwiftPackageReference "PopupView" */ = {
			isa = XCRemoteSwiftPackageReference;
			repositoryURL = "https://github.com/exyte/PopupView";
			requirement = {
				kind = upToNextMajorVersion;
				minimumVersion = 0.0.10;
			};
		};
		523A86312542CC6E00ADFE25 /* XCRemoteSwiftPackageReference "bottom-sheet" */ = {
			isa = XCRemoteSwiftPackageReference;
			repositoryURL = "https://github.com/weitieda/bottom-sheet";
			requirement = {
				kind = upToNextMajorVersion;
				minimumVersion = 1.0.5;
			};
		};
/* End XCRemoteSwiftPackageReference section */

/* Begin XCSwiftPackageProductDependency section */
		523A86232542B67900ADFE25 /* PopupView */ = {
			isa = XCSwiftPackageProductDependency;
			package = 523A86222542B67900ADFE25 /* XCRemoteSwiftPackageReference "PopupView" */;
			productName = PopupView;
		};
		523A86322542CC6E00ADFE25 /* BottomSheet */ = {
			isa = XCSwiftPackageProductDependency;
			package = 523A86312542CC6E00ADFE25 /* XCRemoteSwiftPackageReference "bottom-sheet" */;
			productName = BottomSheet;
		};
/* End XCSwiftPackageProductDependency section */

/* Begin XCVersionGroup section */
		5245F88A253FE702002E8B53 /* Mestika_Dashboard.xcdatamodeld */ = {
			isa = XCVersionGroup;
			children = (
				5245F88B253FE702002E8B53 /* Mestika_Dashboard.xcdatamodel */,
			);
			currentVersion = 5245F88B253FE702002E8B53 /* Mestika_Dashboard.xcdatamodel */;
			path = Mestika_Dashboard.xcdatamodeld;
			sourceTree = "<group>";
			versionGroupType = wrapper.xcdatamodel;
		};
/* End XCVersionGroup section */
	};
	rootObject = 5245F879253FE702002E8B53 /* Project object */;
}
